
Microsoft Visual Studio Solution File, Format Version 12.00
# Visual Studio Version 16
VisualStudioVersion = 16.0.30011.22
MinimumVisualStudioVersion = 10.0.40219.1
Project("{FAE04EC0-301F-11D3-BF4B-00C04F79EFBC}") = "WpfDemoSample", "WpfDemoSample.csproj", "{3F57694B-FDC0-44CC-87DC-1AD72742CBA1}"
EndProject
Project("{FAE04EC0-301F-11D3-BF4B-00C04F79EFBC}") = "ClassBase", "..\ClassBase\ClassBase.csproj", "{42402BFF-D67B-427B-A175-3BAE372CABCD}"
EndProject
Global
	GlobalSection(SolutionConfigurationPlatforms) = preSolution
		Debug|Any CPU = Debug|Any CPU
		Release|Any CPU = Release|Any CPU
	EndGlobalSection
	GlobalSection(ProjectConfigurationPlatforms) = postSolution
		{3F57694B-FDC0-44CC-87DC-1AD72742CBA1}.Debug|Any CPU.ActiveCfg = Debug|Any CPU
		{3F57694B-FDC0-44CC-87DC-1AD72742CBA1}.Debug|Any CPU.Build.0 = Debug|Any CPU
		{3F57694B-FDC0-44CC-87DC-1AD72742CBA1}.Release|Any CPU.ActiveCfg = Release|Any CPU
		{3F57694B-FDC0-44CC-87DC-1AD72742CBA1}.Release|Any CPU.Build.0 = Release|Any CPU
		{42402BFF-D67B-427B-A175-3BAE372CABCD}.Debug|Any CPU.ActiveCfg = Debug|Any CPU
		{42402BFF-D67B-427B-A175-3BAE372CABCD}.Debug|Any CPU.Build.0 = Debug|Any CPU
		{42402BFF-D67B-427B-A175-3BAE372CABCD}.Release|Any CPU.ActiveCfg = Release|Any CPU
		{42402BFF-D67B-427B-A175-3BAE372CABCD}.Release|Any CPU.Build.0 = Release|Any CPU
	EndGlobalSection
	GlobalSection(SolutionProperties) = preSolution
		HideSolutionNode = FALSE
	EndGlobalSection
	GlobalSection(ExtensibilityGlobals) = postSolution
		SolutionGuid = {FC7971A1-15AC-4DA2-8E61-FAF5202C87C5}
	EndGlobalSection
EndGlobal
