
Microsoft Visual Studio Solution File, Format Version 12.00
# Visual Studio Version 16
VisualStudioVersion = 16.0.29503.13
MinimumVisualStudioVersion = 10.0.40219.1
Project("{FAE04EC0-301F-11D3-BF4B-00C04F79EFBC}") = "InvokeJSDemo", "InvokeJSDemo\InvokeJSDemo.csproj", "{6A77304E-496F-479E-ABF2-150699C9FCE8}"
EndProject
Project("{FAE04EC0-301F-11D3-BF4B-00C04F79EFBC}") = "WFDemo", "WFDemo\WFDemo.csproj", "{FE274632-8951-4049-9049-45B171D03614}"
EndProject
Project("{2150E333-8FDC-42A3-9474-1A3956D46DE8}") = "WFDemos", "WFDemos", "{F1BBD630-123E-4C0B-A692-2D795024FE4A}"
EndProject
Project("{2150E333-8FDC-42A3-9474-1A3956D46DE8}") = "JSDemos", "JSDemos", "{82B7602C-962F-4A9B-B59A-731201F5419B}"
EndProject
Project("{FAE04EC0-301F-11D3-BF4B-00C04F79EFBC}") = "WFHelper", "WFHelper\WFHelper.csproj", "{063E5963-0CA1-45B1-80A5-173FF2277220}"
EndProject
Project("{FAE04EC0-301F-11D3-BF4B-00C04F79EFBC}") = "ActivityLibrary", "ActivityLibrary\ActivityLibrary.csproj", "{D213F3FF-616E-4184-BC57-5E449ED618EA}"
EndProject
Project("{FAE04EC0-301F-11D3-BF4B-00C04F79EFBC}") = "Design", "Design\Design.csproj", "{74B3E6B1-9311-4DD7-A645-40F6B91A1638}"
EndProject
Project("{2150E333-8FDC-42A3-9474-1A3956D46DE8}") = "Electron.NET.Demo", "Electron.NET.Demo", "{E939A57B-799A-457A-A990-731CC2ACE496}"
EndProject
Project("{9A19103F-16F7-4668-BE54-9A1E7A4F7556}") = "CoreWebDemo", "CoreWebDemo\CoreWebDemo.csproj", "{CEEDF1B9-6933-4303-83F9-705DC6E44D8F}"
EndProject
Project("{2150E333-8FDC-42A3-9474-1A3956D46DE8}") = "AvaloniaDemos", "AvaloniaDemos", "{7CB96075-F3DD-4C49-B5E7-0DD0BF697927}"
EndProject
Project("{9A19103F-16F7-4668-BE54-9A1E7A4F7556}") = "AvaloniaApplication1", "AvaloniaApplication1\AvaloniaApplication1.csproj", "{AB503E8C-BECA-438D-A3E4-88C5B2D28977}"
EndProject
Project("{9A19103F-16F7-4668-BE54-9A1E7A4F7556}") = "AvaloniaApplication2", "AvaloniaApplication2\AvaloniaApplication2.csproj", "{11665C43-0193-491A-BBF8-B4A25038207D}"
EndProject
Project("{2150E333-8FDC-42A3-9474-1A3956D46DE8}") = "Demos", "Demos", "{A52C7DCB-590D-4FA7-B3BD-165C44FBF87F}"
EndProject
Project("{FAE04EC0-301F-11D3-BF4B-00C04F79EFBC}") = "SmallDemo", "SmallDemo\SmallDemo.csproj", "{693BEDE0-37D1-4712-9833-EDDF3CE63E53}"
EndProject
Project("{FAE04EC0-301F-11D3-BF4B-00C04F79EFBC}") = "CSharpCodeDemo", "CSharpCodeDemo\CSharpCodeDemo.csproj", "{3AF685CC-DC48-47FC-8C7D-8C3BBFAB3C88}"
EndProject
Project("{FAE04EC0-301F-11D3-BF4B-00C04F79EFBC}") = "SetOutDemo", "SetOutDemo\SetOutDemo.csproj", "{3FA78C06-F056-4EB1-A16D-CB0FDECF0274}"
EndProject
Project("{FAE04EC0-301F-11D3-BF4B-00C04F79EFBC}") = "TimeOutDemo", "TimeOutDemo\TimeOutDemo.csproj", "{11ABE87A-F8C0-422A-B423-D0B270882945}"
EndProject
Project("{FAE04EC0-301F-11D3-BF4B-00C04F79EFBC}") = "WebApplication1", "WebApplication1\WebApplication1.csproj", "{07AE80AB-F92E-4BDB-9899-08F514BE1477}"
EndProject
Project("{FAE04EC0-301F-11D3-BF4B-00C04F79EFBC}") = "SDemo", "SDemo\SDemo.csproj", "{7B9DC639-8566-4404-AB3B-7FF4D34E8082}"
EndProject
Project("{FAE04EC0-301F-11D3-BF4B-00C04F79EFBC}") = "WpfApp1", "WpfApp1\WpfApp1.csproj", "{E555A6E8-5178-499B-B15A-9892F503D1F5}"
EndProject
Project("{2150E333-8FDC-42A3-9474-1A3956D46DE8}") = "SharpDemo", "SharpDemo", "{CC3DDD11-6377-4ACE-8443-CFE090E62A65}"
EndProject
Project("{FAE04EC0-301F-11D3-BF4B-00C04F79EFBC}") = "SharpDemo", "SharpDemo\SharpDemo.csproj", "{4A9A08C3-745B-4FA2-8226-AC1C9062BFF6}"
EndProject
Project("{FAE04EC0-301F-11D3-BF4B-00C04F79EFBC}") = "AsyncAwaitDemo", "AsyncAwaitDemo\AsyncAwaitDemo.csproj", "{ABF8B8AC-3712-482D-82AA-A6EA85B60AA0}"
EndProject
Project("{FAE04EC0-301F-11D3-BF4B-00C04F79EFBC}") = "BindingDemo", "BindingDemo\BindingDemo.csproj", "{0997BD08-4782-47F3-A392-E878C6A7DE57}"
EndProject
Project("{FAE04EC0-301F-11D3-BF4B-00C04F79EFBC}") = "WinRing0Demo", "WinRing0Demo\WinRing0Demo.csproj", "{E141680C-5BFA-433E-B9B7-118A86857CEF}"
EndProject
Project("{FAE04EC0-301F-11D3-BF4B-00C04F79EFBC}") = "Bitmap2CharsDemo", "Bitmap2CharsDemo\Bitmap2CharsDemo.csproj", "{FB5A2098-6496-4B7F-B45A-C2C967DCD865}"
EndProject
Project("{FAE04EC0-301F-11D3-BF4B-00C04F79EFBC}") = "WpfDemo", "WpfDemo\WpfDemo.csproj", "{5650B24B-34D4-4546-A755-2E5435DFAA6E}"
EndProject
Project("{2150E333-8FDC-42A3-9474-1A3956D46DE8}") = "ChromeDemos", "ChromeDemos", "{1EE25BE7-677D-4CF3-AD01-0C53CE2D15BD}"
EndProject
Project("{2150E333-8FDC-42A3-9474-1A3956D46DE8}") = "SharedMemory", "SharedMemory", "{AA6354EA-42B8-409F-8481-138C79C7DF3D}"
EndProject
Project("{FAE04EC0-301F-11D3-BF4B-00C04F79EFBC}") = "IMServer_Message", "SharedMemory\IMServer_Message\IMServer_Message.csproj", "{5154FCEE-966D-46E8-A0CE-3FFE7A9C86D4}"
EndProject
Project("{FAE04EC0-301F-11D3-BF4B-00C04F79EFBC}") = "IMServer_State", "SharedMemory\IMServer_State\IMServer_State.csproj", "{68DDEEB5-76C9-4F08-A68B-8F316257A18A}"
EndProject
Project("{FAE04EC0-301F-11D3-BF4B-00C04F79EFBC}") = "BotTimeNativeMessage", "ChromeExtensionDemo\BotTimeNativeMessage\BotTimeNativeMessage.csproj", "{FF1E2E46-E611-4392-AB33-9F0174C6B917}"
EndProject
Project("{FAE04EC0-301F-11D3-BF4B-00C04F79EFBC}") = "EncootechNativeMessage", "ChromeExtensionDemo\encootechnativemessage\EncootechNativeMessage.csproj", "{4751ADA0-9580-4A1C-851C-0A2AB0190A9E}"
EndProject
Project("{2150E333-8FDC-42A3-9474-1A3956D46DE8}") = "SocketDemos", "SocketDemos", "{81B32FCB-40F5-4DC6-B2A0-BEA80CCAC5D3}"
EndProject
Project("{FAE04EC0-301F-11D3-BF4B-00C04F79EFBC}") = "SocketServerDemo", "SocketDemos\SocketServerDemo\SocketServerDemo.csproj", "{052A1EC9-B3C3-409C-8BC0-E7E3CC5DE3A7}"
EndProject
Project("{FAE04EC0-301F-11D3-BF4B-00C04F79EFBC}") = "SocketExtension", "SocketDemos\SocketExtension\SocketExtension.csproj", "{229D9EA0-A344-4349-B405-40C961AADFF7}"
EndProject
Project("{FAE04EC0-301F-11D3-BF4B-00C04F79EFBC}") = "SocketClient", "SocketDemos\SocketClient\SocketClient.csproj", "{0F3D5EA8-29BE-4723-82AC-4DD7FE485F0B}"
EndProject
Project("{FAE04EC0-301F-11D3-BF4B-00C04F79EFBC}") = "WrokflowCoreDemo", "WrokflowCoreDemo\WrokflowCoreDemo\WrokflowCoreDemo.csproj", "{E4F9271C-2B45-4DA8-BB9C-BDF8F1FAF0F9}"
EndProject
Project("{2150E333-8FDC-42A3-9474-1A3956D46DE8}") = "WatcherWeakDemos", "WatcherWeakDemos", "{00D235AF-CA76-456E-B905-190C20E631B2}"
EndProject
Project("{FAE04EC0-301F-11D3-BF4B-00C04F79EFBC}") = "WatcherWeak", "WatcherWeakDemos\WatcherWeak\WatcherWeak.csproj", "{688C8B3F-9584-4588-8A16-C375721DFF2D}"
EndProject
Project("{FAE04EC0-301F-11D3-BF4B-00C04F79EFBC}") = "DynamicDemo", "DynamicDemo\DynamicDemo\DynamicDemo.csproj", "{13DAD4EB-070A-40BA-8AAA-16B666C27F8D}"
EndProject
Project("{FAE04EC0-301F-11D3-BF4B-00C04F79EFBC}") = "WriteApp", "SharedMemory\WriteApp\WriteApp.csproj", "{9F7DBDA1-EF6C-46EE-94FB-9CC0A76DD76E}"
EndProject
Project("{FAE04EC0-301F-11D3-BF4B-00C04F79EFBC}") = "ReadApp", "SharedMemory\ReadApp\ReadApp.csproj", "{E2A6AA21-0EC0-4809-ACAC-805819CF01DF}"
EndProject
Project("{FAE04EC0-301F-11D3-BF4B-00C04F79EFBC}") = "ReflectDemo", "ReflectDemos\ReflectDemo\ReflectDemo.csproj", "{EDE7156A-F5A1-4C81-922F-F527BE74956D}"
EndProject
Project("{2150E333-8FDC-42A3-9474-1A3956D46DE8}") = "OrleansDemo", "OrleansDemo", "{E8767364-368B-4276-9400-83AD38058F76}"
EndProject
Project("{FAE04EC0-301F-11D3-BF4B-00C04F79EFBC}") = "Client", "OrleansDemo\Client\Client.csproj", "{03C9BE0F-6145-477A-80EC-A0569A2AC2CD}"
EndProject
Project("{FAE04EC0-301F-11D3-BF4B-00C04F79EFBC}") = "Grains", "OrleansDemo\Grains\Grains.csproj", "{E3E3AE6A-A329-40CA-AB3A-251A2A91E739}"
EndProject
Project("{FAE04EC0-301F-11D3-BF4B-00C04F79EFBC}") = "Host", "OrleansDemo\Host\Host.csproj", "{CECF108B-2B67-4253-A07E-5203E39E72CE}"
EndProject
Project("{FAE04EC0-301F-11D3-BF4B-00C04F79EFBC}") = "IGrains", "OrleansDemo\IGrains\IGrains.csproj", "{C2BE307D-2607-43CC-83DD-78ECB8264368}"
EndProject
Project("{FAE04EC0-301F-11D3-BF4B-00C04F79EFBC}") = "SwitchCaseThrough", "Demos\SwitchCaseThrough\SwitchCaseThrough.csproj", "{DDF7722D-BE36-412C-988D-9B9855AAD3A7}"
EndProject
Project("{FAE04EC0-301F-11D3-BF4B-00C04F79EFBC}") = "SocketChannelQueueDemo", "SocketDemos\SocketChannelQueueDemo\SocketChannelQueueDemo.csproj", "{121A1662-9D42-460D-B545-D9853E682010}"
EndProject
Project("{2150E333-8FDC-42A3-9474-1A3956D46DE8}") = "BotTimeSharedMemoryDemo", "BotTimeSharedMemoryDemo", "{2CBDD8E2-432D-4D60-B335-3C732CA546DE}"
EndProject
Project("{FAE04EC0-301F-11D3-BF4B-00C04F79EFBC}") = "BotTimeServer", "BotTimeSharedMemoryDemo\BotTimeServer\BotTimeServer.csproj", "{0F430325-8CB2-478E-AB85-F1A99D0D5758}"
EndProject
Project("{FAE04EC0-301F-11D3-BF4B-00C04F79EFBC}") = "BotTimeClient", "BotTimeSharedMemoryDemo\BotTimeClient\BotTimeClient.csproj", "{876A88C6-BCEF-4A4F-B230-86E5869E790C}"
EndProject
Project("{FAE04EC0-301F-11D3-BF4B-00C04F79EFBC}") = "BotTimeMessageHostChromeJsCodeDemo", "Demos\BotTimeMessageHostChromeJsCodeDemo\BotTimeMessageHostChromeJsCodeDemo.csproj", "{34A78A1C-0B5C-4567-AFD8-E720674B648F}"
EndProject
Project("{FAE04EC0-301F-11D3-BF4B-00C04F79EFBC}") = "Recursive", "Demos\Recursive\Recursive.csproj", "{A29DB273-093F-41F4-B1F4-C90520479105}"
EndProject
Project("{FAE04EC0-301F-11D3-BF4B-00C04F79EFBC}") = "ScreenDPI", "ScreenDPI\ScreenDPI\ScreenDPI.csproj", "{CEC7BE88-1059-4CC7-8269-4FA47E574FC8}"
EndProject
Project("{2150E333-8FDC-42A3-9474-1A3956D46DE8}") = "ElsaDemos", "ElsaDemos", "{BCAAD5B8-8C78-4021-B47E-DAF4B20478E2}"
EndProject
Project("{9A19103F-16F7-4668-BE54-9A1E7A4F7556}") = "Elsa.Guides.Dashboard.WebApp", "ElsaDemos\Elsa.Guides.Dashboard.WebApp\Elsa.Guides.Dashboard.WebApp.csproj", "{F3C22866-7562-48F0-9F74-0A42317408FC}"
EndProject
Project("{9A19103F-16F7-4668-BE54-9A1E7A4F7556}") = "Elsa", "Elsa\Elsa\Elsa.csproj", "{93F9F3BB-C56E-423B-8F23-9FFDD5EABB29}"
EndProject
Project("{9A19103F-16F7-4668-BE54-9A1E7A4F7556}") = "Elsa.Dashboard", "ElsaDemos\Elsa.Dashboard\Elsa.Dashboard.csproj", "{FB8AB60B-BD7C-4F3A-9644-CE3EF6784CFE}"
EndProject
Project("{9A19103F-16F7-4668-BE54-9A1E7A4F7556}") = "Elsa.Persistence.EntityFrameworkCore", "ElsaDemos\Elsa.Persistence.EntityFrameworkCore\Elsa.Persistence.EntityFrameworkCore.csproj", "{B5A67012-B34E-4C92-AF60-8570E844F363}"
EndProject
Project("{FAE04EC0-301F-11D3-BF4B-00C04F79EFBC}") = "FrmZhidao", "Demos\FrmZhidao\FrmZhidao.csproj", "{7886B2BC-0100-4111-B1FD-CBDFC38D0BDD}"
EndProject
Project("{FAE04EC0-301F-11D3-BF4B-00C04F79EFBC}") = "ActionAndFuncDemo", "Demos\ActionAndFuncDemo\ActionAndFuncDemo.csproj", "{7EF63786-D97C-4F78-8D7F-9D310C65F723}"
EndProject
Project("{FAE04EC0-301F-11D3-BF4B-00C04F79EFBC}") = "SuperSocketDemo", "SocketDemos\SuperSocketDemo\SuperSocketDemo.csproj", "{15E01063-14D1-492E-80E5-F7BEFC0CB350}"
EndProject
Project("{FAE04EC0-301F-11D3-BF4B-00C04F79EFBC}") = "SuperSocketDemo1", "SocketDemos\SuperSocketDemo1\SuperSocketDemo1.csproj", "{C8D575ED-387F-455B-B80A-6BC74C649CE4}"
EndProject
Project("{FAE04EC0-301F-11D3-BF4B-00C04F79EFBC}") = "UrlEncodeDemo", "Demos\UrlEncodeDemo\UrlEncodeDemo.csproj", "{893C5239-3269-4FAE-97F7-2DCC941F8278}"
EndProject
Project("{FAE04EC0-301F-11D3-BF4B-00C04F79EFBC}") = "QueueDemo", "Demos\QueueDemo\QueueDemo.csproj", "{77F6F0A2-A2DE-41DF-B0D6-4D1FB5620744}"
EndProject
Project("{FAE04EC0-301F-11D3-BF4B-00C04F79EFBC}") = "OpenFileDialogDemo", "Demos\OpenFileDialogDemo\OpenFileDialogDemo.csproj", "{3A388BA9-56DF-4789-9BEF-2B2C4D16FEBC}"
EndProject
Project("{2150E333-8FDC-42A3-9474-1A3956D46DE8}") = "Tools", "Tools", "{136B8027-3934-45F9-9867-35FB0F646073}"
EndProject
Project("{FAE04EC0-301F-11D3-BF4B-00C04F79EFBC}") = "CheckSoftwareInstallationState", "Tools\CheckSoftwareInstallationState\CheckSoftwareInstallationState.csproj", "{F4E8BE7A-28BB-4FD9-B4DE-DFC7D4BE421E}"
EndProject
Project("{FAE04EC0-301F-11D3-BF4B-00C04F79EFBC}") = "LockDemo", "Demos\LockDemo\LockDemo.csproj", "{7E93B320-2DE7-4007-868F-1D818E9EB641}"
EndProject
Project("{FAE04EC0-301F-11D3-BF4B-00C04F79EFBC}") = "GetParentProcess", "Demos\GetParentProcess\GetParentProcess.csproj", "{10B6C6DD-B025-483D-BE3D-A36A81D5DDAE}"
EndProject
Project("{FAE04EC0-301F-11D3-BF4B-00C04F79EFBC}") = "MouseArrow", "MouseArrow\MouseArrow.csproj", "{CCAF6DC6-2E59-41BD-8CD1-DC6F62BE861F}"
EndProject
Project("{FAE04EC0-301F-11D3-BF4B-00C04F79EFBC}") = "ProcessDemo", "..\Demos\ProcessDemo\ProcessDemo.csproj", "{94B785A6-974B-4F44-B8F2-D2CB09333E18}"
EndProject
Project("{FAE04EC0-301F-11D3-BF4B-00C04F79EFBC}") = "ConsoleApp1", "ConsoleApp1\ConsoleApp1.csproj", "{6BE63D2B-CD6A-4F0B-BB55-5FC70D388749}"
EndProject
Project("{FAE04EC0-301F-11D3-BF4B-00C04F79EFBC}") = "BrowserCommandMQ", "Demos\BrowserCommandMQ\BrowserCommandMQ.csproj", "{F7EC2643-3DC3-4772-954F-8AC00DA62D91}"
EndProject
Project("{2150E333-8FDC-42A3-9474-1A3956D46DE8}") = "BrowserCommandMQ", "BrowserCommandMQ", "{7C321745-7285-4369-82A9-4B039B1CEC66}"
EndProject
Project("{FAE04EC0-301F-11D3-BF4B-00C04F79EFBC}") = "BrowserCommandMQWPFDemo", "BrowserCommandMQ\BrowserCommandMQWPFDemo\BrowserCommandMQWPFDemo.csproj", "{12C2CF8A-2878-4BF7-BC3D-06ABDC7A548B}"
EndProject
Project("{FAE04EC0-301F-11D3-BF4B-00C04F79EFBC}") = "BrowserCOmmandMqCmdDemo", "BrowserCommandMQ\BrowserCOmmandMqCmdDemo\BrowserCOmmandMqCmdDemo.csproj", "{38E348D4-D215-4FB7-8BE8-B973100769E2}"
EndProject
Project("{FAE04EC0-301F-11D3-BF4B-00C04F79EFBC}") = "MemoryMqTest", "MemoryMqTest\MemoryMqTest.csproj", "{6935077D-7797-4CAB-88FD-8E6FF9A25A38}"
EndProject
Project("{2150E333-8FDC-42A3-9474-1A3956D46DE8}") = "MessageQueue", "MessageQueue", "{8C3346DE-9683-4116-810F-AD9FB2DB6E26}"
EndProject
Project("{FAE04EC0-301F-11D3-BF4B-00C04F79EFBC}") = "MemoryMessageQueueTest", "MessageQueue\MemoryMessageQueueTest\MemoryMessageQueueTest.csproj", "{0C8CF4A9-2A95-4103-A547-35095283B49D}"
EndProject
Project("{2150E333-8FDC-42A3-9474-1A3956D46DE8}") = "RxDemo", "RxDemo", "{9B3A0EE1-691A-4BFF-B731-A91FF155D045}"
EndProject
Project("{FAE04EC0-301F-11D3-BF4B-00C04F79EFBC}") = "RxDemo", "RxDemo\RxDemo\RxDemo.csproj", "{798C0CA3-079E-4ED4-AE32-AD059777BA82}"
EndProject
Project("{FAE04EC0-301F-11D3-BF4B-00C04F79EFBC}") = "Csharp8Demo", "Csharp8Demo\Csharp8Demo.csproj", "{BF4DD148-A60D-44E9-BD0E-E60587DB5E48}"
EndProject
Project("{FAE04EC0-301F-11D3-BF4B-00C04F79EFBC}") = "Csharp80Demo", "Demos\Csharp80Demo\Csharp80Demo.csproj", "{1C53AC08-F3BD-4EDD-9691-402968FC9A77}"
EndProject
Project("{9A19103F-16F7-4668-BE54-9A1E7A4F7556}") = "Csharp80DemoCore", "Demos\Csharp80DemoCore\Csharp80DemoCore.csproj", "{BE8B2E4B-BB91-4068-9CE3-931F180305BB}"
EndProject
Project("{2150E333-8FDC-42A3-9474-1A3956D46DE8}") = "WebDriverDemos", "WebDriverDemos", "{6C4E28AB-05E4-4B90-8036-03490FB15CD6}"
EndProject
Project("{FAE04EC0-301F-11D3-BF4B-00C04F79EFBC}") = "UnitTestProject_WebDriverDemos", "..\WebDriverDemos\UnitTestProject_WebDeriverDemos\UnitTestProject_WebDriverDemos.csproj", "{0CF140AA-D3B9-4E87-B3B4-890F8C60D324}"
EndProject
Project("{FAE04EC0-301F-11D3-BF4B-00C04F79EFBC}") = "BlockingCollection", "Demos\BlockingCollection\BlockingCollection.csproj", "{F0EECE73-F6EC-4925-8D89-1CCA6895D800}"
EndProject
Project("{FAE04EC0-301F-11D3-BF4B-00C04F79EFBC}") = "ConsoleApp2", "ConsoleApp2\ConsoleApp2.csproj", "{5E8D3A99-E21D-45C8-A043-D9857A7E79EE}"
EndProject
Project("{FAE04EC0-301F-11D3-BF4B-00C04F79EFBC}") = "JsonDemo", "JsonDemo\JsonDemo.csproj", "{A4B53562-1A4C-4604-9B34-49DACB6F8978}"
EndProject
Project("{2150E333-8FDC-42A3-9474-1A3956D46DE8}") = "implementer", "implementer", "{72021CE3-554E-45DA-AC0D-268028421409}"
EndProject
Project("{FAE04EC0-301F-11D3-BF4B-00C04F79EFBC}") = "Demo1", "Demo1\Demo1.csproj", "{6C978B59-080F-4977-9513-1384B7094045}"
EndProject
Project("{2150E333-8FDC-42A3-9474-1A3956D46DE8}") = "WebDemo", "WebDemo", "{B8BDEE10-9C84-482C-8090-80C09651390C}"
EndProject
Project("{FAE04EC0-301F-11D3-BF4B-00C04F79EFBC}") = "ConsoleApp2", "WebDemo\ConsoleApp2\ConsoleApp2.csproj", "{1E1E466B-1589-44EA-B330-0E72ED7947B0}"
EndProject
Project("{2150E333-8FDC-42A3-9474-1A3956D46DE8}") = "WaitNDemo", "WaitNDemo", "{8E6E69CF-D8C7-4952-B1B3-33EFDABE0447}"
EndProject
Project("{FAE04EC0-301F-11D3-BF4B-00C04F79EFBC}") = "WaitNDemo", "WaitNDemo\WaitNDemo\WaitNDemo.csproj", "{8E252A29-6BA1-4495-92B5-AA8B35A914F8}"
EndProject
Project("{2150E333-8FDC-42A3-9474-1A3956D46DE8}") = "FileOperation", "FileOperation", "{10F7CEA9-8C9A-4C6F-9F91-01C7C1552C47}"
EndProject
Project("{FAE04EC0-301F-11D3-BF4B-00C04F79EFBC}") = "MonitorFolder", "FileOperation\MonitorFolder\MonitorFolder.csproj", "{FAD9839C-3E21-4F5E-A054-2792F9D9F910}"
EndProject
Global
	GlobalSection(SolutionConfigurationPlatforms) = preSolution
		Debug|Any CPU = Debug|Any CPU
		Debug|x64 = Debug|x64
		Release|Any CPU = Release|Any CPU
		Release|x64 = Release|x64
	EndGlobalSection
	GlobalSection(ProjectConfigurationPlatforms) = postSolution
		{6A77304E-496F-479E-ABF2-150699C9FCE8}.Debug|Any CPU.ActiveCfg = Debug|Any CPU
		{6A77304E-496F-479E-ABF2-150699C9FCE8}.Debug|Any CPU.Build.0 = Debug|Any CPU
		{6A77304E-496F-479E-ABF2-150699C9FCE8}.Debug|x64.ActiveCfg = Debug|x64
		{6A77304E-496F-479E-ABF2-150699C9FCE8}.Debug|x64.Build.0 = Debug|x64
		{6A77304E-496F-479E-ABF2-150699C9FCE8}.Release|Any CPU.ActiveCfg = Release|Any CPU
		{6A77304E-496F-479E-ABF2-150699C9FCE8}.Release|Any CPU.Build.0 = Release|Any CPU
		{6A77304E-496F-479E-ABF2-150699C9FCE8}.Release|x64.ActiveCfg = Release|x64
		{6A77304E-496F-479E-ABF2-150699C9FCE8}.Release|x64.Build.0 = Release|x64
		{FE274632-8951-4049-9049-45B171D03614}.Debug|Any CPU.ActiveCfg = Debug|Any CPU
		{FE274632-8951-4049-9049-45B171D03614}.Debug|Any CPU.Build.0 = Debug|Any CPU
		{FE274632-8951-4049-9049-45B171D03614}.Debug|x64.ActiveCfg = Debug|x64
		{FE274632-8951-4049-9049-45B171D03614}.Debug|x64.Build.0 = Debug|x64
		{FE274632-8951-4049-9049-45B171D03614}.Release|Any CPU.ActiveCfg = Release|Any CPU
		{FE274632-8951-4049-9049-45B171D03614}.Release|Any CPU.Build.0 = Release|Any CPU
		{FE274632-8951-4049-9049-45B171D03614}.Release|x64.ActiveCfg = Release|x64
		{FE274632-8951-4049-9049-45B171D03614}.Release|x64.Build.0 = Release|x64
		{063E5963-0CA1-45B1-80A5-173FF2277220}.Debug|Any CPU.ActiveCfg = Debug|Any CPU
		{063E5963-0CA1-45B1-80A5-173FF2277220}.Debug|Any CPU.Build.0 = Debug|Any CPU
		{063E5963-0CA1-45B1-80A5-173FF2277220}.Debug|x64.ActiveCfg = Debug|x64
		{063E5963-0CA1-45B1-80A5-173FF2277220}.Debug|x64.Build.0 = Debug|x64
		{063E5963-0CA1-45B1-80A5-173FF2277220}.Release|Any CPU.ActiveCfg = Release|Any CPU
		{063E5963-0CA1-45B1-80A5-173FF2277220}.Release|Any CPU.Build.0 = Release|Any CPU
		{063E5963-0CA1-45B1-80A5-173FF2277220}.Release|x64.ActiveCfg = Release|x64
		{063E5963-0CA1-45B1-80A5-173FF2277220}.Release|x64.Build.0 = Release|x64
		{D213F3FF-616E-4184-BC57-5E449ED618EA}.Debug|Any CPU.ActiveCfg = Debug|Any CPU
		{D213F3FF-616E-4184-BC57-5E449ED618EA}.Debug|Any CPU.Build.0 = Debug|Any CPU
		{D213F3FF-616E-4184-BC57-5E449ED618EA}.Debug|x64.ActiveCfg = Debug|x64
		{D213F3FF-616E-4184-BC57-5E449ED618EA}.Debug|x64.Build.0 = Debug|x64
		{D213F3FF-616E-4184-BC57-5E449ED618EA}.Release|Any CPU.ActiveCfg = Release|Any CPU
		{D213F3FF-616E-4184-BC57-5E449ED618EA}.Release|Any CPU.Build.0 = Release|Any CPU
		{D213F3FF-616E-4184-BC57-5E449ED618EA}.Release|x64.ActiveCfg = Release|x64
		{D213F3FF-616E-4184-BC57-5E449ED618EA}.Release|x64.Build.0 = Release|x64
		{74B3E6B1-9311-4DD7-A645-40F6B91A1638}.Debug|Any CPU.ActiveCfg = Debug|Any CPU
		{74B3E6B1-9311-4DD7-A645-40F6B91A1638}.Debug|Any CPU.Build.0 = Debug|Any CPU
		{74B3E6B1-9311-4DD7-A645-40F6B91A1638}.Debug|x64.ActiveCfg = Debug|x64
		{74B3E6B1-9311-4DD7-A645-40F6B91A1638}.Debug|x64.Build.0 = Debug|x64
		{74B3E6B1-9311-4DD7-A645-40F6B91A1638}.Release|Any CPU.ActiveCfg = Release|Any CPU
		{74B3E6B1-9311-4DD7-A645-40F6B91A1638}.Release|Any CPU.Build.0 = Release|Any CPU
		{74B3E6B1-9311-4DD7-A645-40F6B91A1638}.Release|x64.ActiveCfg = Release|x64
		{74B3E6B1-9311-4DD7-A645-40F6B91A1638}.Release|x64.Build.0 = Release|x64
		{CEEDF1B9-6933-4303-83F9-705DC6E44D8F}.Debug|Any CPU.ActiveCfg = Debug|Any CPU
		{CEEDF1B9-6933-4303-83F9-705DC6E44D8F}.Debug|Any CPU.Build.0 = Debug|Any CPU
		{CEEDF1B9-6933-4303-83F9-705DC6E44D8F}.Debug|x64.ActiveCfg = Debug|x64
		{CEEDF1B9-6933-4303-83F9-705DC6E44D8F}.Debug|x64.Build.0 = Debug|x64
		{CEEDF1B9-6933-4303-83F9-705DC6E44D8F}.Release|Any CPU.ActiveCfg = Release|Any CPU
		{CEEDF1B9-6933-4303-83F9-705DC6E44D8F}.Release|Any CPU.Build.0 = Release|Any CPU
		{CEEDF1B9-6933-4303-83F9-705DC6E44D8F}.Release|x64.ActiveCfg = Release|x64
		{CEEDF1B9-6933-4303-83F9-705DC6E44D8F}.Release|x64.Build.0 = Release|x64
		{AB503E8C-BECA-438D-A3E4-88C5B2D28977}.Debug|Any CPU.ActiveCfg = Debug|Any CPU
		{AB503E8C-BECA-438D-A3E4-88C5B2D28977}.Debug|Any CPU.Build.0 = Debug|Any CPU
		{AB503E8C-BECA-438D-A3E4-88C5B2D28977}.Debug|x64.ActiveCfg = Debug|x64
		{AB503E8C-BECA-438D-A3E4-88C5B2D28977}.Debug|x64.Build.0 = Debug|x64
		{AB503E8C-BECA-438D-A3E4-88C5B2D28977}.Release|Any CPU.ActiveCfg = Release|Any CPU
		{AB503E8C-BECA-438D-A3E4-88C5B2D28977}.Release|Any CPU.Build.0 = Release|Any CPU
		{AB503E8C-BECA-438D-A3E4-88C5B2D28977}.Release|x64.ActiveCfg = Release|x64
		{AB503E8C-BECA-438D-A3E4-88C5B2D28977}.Release|x64.Build.0 = Release|x64
		{11665C43-0193-491A-BBF8-B4A25038207D}.Debug|Any CPU.ActiveCfg = Debug|Any CPU
		{11665C43-0193-491A-BBF8-B4A25038207D}.Debug|Any CPU.Build.0 = Debug|Any CPU
		{11665C43-0193-491A-BBF8-B4A25038207D}.Debug|x64.ActiveCfg = Debug|x64
		{11665C43-0193-491A-BBF8-B4A25038207D}.Debug|x64.Build.0 = Debug|x64
		{11665C43-0193-491A-BBF8-B4A25038207D}.Release|Any CPU.ActiveCfg = Release|Any CPU
		{11665C43-0193-491A-BBF8-B4A25038207D}.Release|Any CPU.Build.0 = Release|Any CPU
		{11665C43-0193-491A-BBF8-B4A25038207D}.Release|x64.ActiveCfg = Release|x64
		{11665C43-0193-491A-BBF8-B4A25038207D}.Release|x64.Build.0 = Release|x64
		{693BEDE0-37D1-4712-9833-EDDF3CE63E53}.Debug|Any CPU.ActiveCfg = Debug|Any CPU
		{693BEDE0-37D1-4712-9833-EDDF3CE63E53}.Debug|Any CPU.Build.0 = Debug|Any CPU
		{693BEDE0-37D1-4712-9833-EDDF3CE63E53}.Debug|x64.ActiveCfg = Debug|x64
		{693BEDE0-37D1-4712-9833-EDDF3CE63E53}.Debug|x64.Build.0 = Debug|x64
		{693BEDE0-37D1-4712-9833-EDDF3CE63E53}.Release|Any CPU.ActiveCfg = Release|Any CPU
		{693BEDE0-37D1-4712-9833-EDDF3CE63E53}.Release|Any CPU.Build.0 = Release|Any CPU
		{693BEDE0-37D1-4712-9833-EDDF3CE63E53}.Release|x64.ActiveCfg = Release|x64
		{693BEDE0-37D1-4712-9833-EDDF3CE63E53}.Release|x64.Build.0 = Release|x64
		{3AF685CC-DC48-47FC-8C7D-8C3BBFAB3C88}.Debug|Any CPU.ActiveCfg = Debug|Any CPU
		{3AF685CC-DC48-47FC-8C7D-8C3BBFAB3C88}.Debug|Any CPU.Build.0 = Debug|Any CPU
		{3AF685CC-DC48-47FC-8C7D-8C3BBFAB3C88}.Debug|x64.ActiveCfg = Debug|x64
		{3AF685CC-DC48-47FC-8C7D-8C3BBFAB3C88}.Debug|x64.Build.0 = Debug|x64
		{3AF685CC-DC48-47FC-8C7D-8C3BBFAB3C88}.Release|Any CPU.ActiveCfg = Release|Any CPU
		{3AF685CC-DC48-47FC-8C7D-8C3BBFAB3C88}.Release|Any CPU.Build.0 = Release|Any CPU
		{3AF685CC-DC48-47FC-8C7D-8C3BBFAB3C88}.Release|x64.ActiveCfg = Release|x64
		{3AF685CC-DC48-47FC-8C7D-8C3BBFAB3C88}.Release|x64.Build.0 = Release|x64
		{3FA78C06-F056-4EB1-A16D-CB0FDECF0274}.Debug|Any CPU.ActiveCfg = Debug|Any CPU
		{3FA78C06-F056-4EB1-A16D-CB0FDECF0274}.Debug|Any CPU.Build.0 = Debug|Any CPU
		{3FA78C06-F056-4EB1-A16D-CB0FDECF0274}.Debug|x64.ActiveCfg = Debug|x64
		{3FA78C06-F056-4EB1-A16D-CB0FDECF0274}.Debug|x64.Build.0 = Debug|x64
		{3FA78C06-F056-4EB1-A16D-CB0FDECF0274}.Release|Any CPU.ActiveCfg = Release|Any CPU
		{3FA78C06-F056-4EB1-A16D-CB0FDECF0274}.Release|Any CPU.Build.0 = Release|Any CPU
		{3FA78C06-F056-4EB1-A16D-CB0FDECF0274}.Release|x64.ActiveCfg = Release|x64
		{3FA78C06-F056-4EB1-A16D-CB0FDECF0274}.Release|x64.Build.0 = Release|x64
		{11ABE87A-F8C0-422A-B423-D0B270882945}.Debug|Any CPU.ActiveCfg = Debug|Any CPU
		{11ABE87A-F8C0-422A-B423-D0B270882945}.Debug|Any CPU.Build.0 = Debug|Any CPU
		{11ABE87A-F8C0-422A-B423-D0B270882945}.Debug|x64.ActiveCfg = Debug|x64
		{11ABE87A-F8C0-422A-B423-D0B270882945}.Debug|x64.Build.0 = Debug|x64
		{11ABE87A-F8C0-422A-B423-D0B270882945}.Release|Any CPU.ActiveCfg = Release|Any CPU
		{11ABE87A-F8C0-422A-B423-D0B270882945}.Release|Any CPU.Build.0 = Release|Any CPU
		{11ABE87A-F8C0-422A-B423-D0B270882945}.Release|x64.ActiveCfg = Release|x64
		{11ABE87A-F8C0-422A-B423-D0B270882945}.Release|x64.Build.0 = Release|x64
		{07AE80AB-F92E-4BDB-9899-08F514BE1477}.Debug|Any CPU.ActiveCfg = Debug|Any CPU
		{07AE80AB-F92E-4BDB-9899-08F514BE1477}.Debug|Any CPU.Build.0 = Debug|Any CPU
		{07AE80AB-F92E-4BDB-9899-08F514BE1477}.Debug|x64.ActiveCfg = Debug|Any CPU
		{07AE80AB-F92E-4BDB-9899-08F514BE1477}.Debug|x64.Build.0 = Debug|Any CPU
		{07AE80AB-F92E-4BDB-9899-08F514BE1477}.Release|Any CPU.ActiveCfg = Release|Any CPU
		{07AE80AB-F92E-4BDB-9899-08F514BE1477}.Release|Any CPU.Build.0 = Release|Any CPU
		{07AE80AB-F92E-4BDB-9899-08F514BE1477}.Release|x64.ActiveCfg = Release|Any CPU
		{07AE80AB-F92E-4BDB-9899-08F514BE1477}.Release|x64.Build.0 = Release|Any CPU
		{7B9DC639-8566-4404-AB3B-7FF4D34E8082}.Debug|Any CPU.ActiveCfg = Debug|Any CPU
		{7B9DC639-8566-4404-AB3B-7FF4D34E8082}.Debug|Any CPU.Build.0 = Debug|Any CPU
		{7B9DC639-8566-4404-AB3B-7FF4D34E8082}.Debug|x64.ActiveCfg = Debug|Any CPU
		{7B9DC639-8566-4404-AB3B-7FF4D34E8082}.Debug|x64.Build.0 = Debug|Any CPU
		{7B9DC639-8566-4404-AB3B-7FF4D34E8082}.Release|Any CPU.ActiveCfg = Release|Any CPU
		{7B9DC639-8566-4404-AB3B-7FF4D34E8082}.Release|Any CPU.Build.0 = Release|Any CPU
		{7B9DC639-8566-4404-AB3B-7FF4D34E8082}.Release|x64.ActiveCfg = Release|Any CPU
		{7B9DC639-8566-4404-AB3B-7FF4D34E8082}.Release|x64.Build.0 = Release|Any CPU
		{E555A6E8-5178-499B-B15A-9892F503D1F5}.Debug|Any CPU.ActiveCfg = Debug|Any CPU
		{E555A6E8-5178-499B-B15A-9892F503D1F5}.Debug|Any CPU.Build.0 = Debug|Any CPU
		{E555A6E8-5178-499B-B15A-9892F503D1F5}.Debug|x64.ActiveCfg = Debug|Any CPU
		{E555A6E8-5178-499B-B15A-9892F503D1F5}.Debug|x64.Build.0 = Debug|Any CPU
		{E555A6E8-5178-499B-B15A-9892F503D1F5}.Release|Any CPU.ActiveCfg = Release|Any CPU
		{E555A6E8-5178-499B-B15A-9892F503D1F5}.Release|Any CPU.Build.0 = Release|Any CPU
		{E555A6E8-5178-499B-B15A-9892F503D1F5}.Release|x64.ActiveCfg = Release|Any CPU
		{E555A6E8-5178-499B-B15A-9892F503D1F5}.Release|x64.Build.0 = Release|Any CPU
		{4A9A08C3-745B-4FA2-8226-AC1C9062BFF6}.Debug|Any CPU.ActiveCfg = Debug|Any CPU
		{4A9A08C3-745B-4FA2-8226-AC1C9062BFF6}.Debug|Any CPU.Build.0 = Debug|Any CPU
		{4A9A08C3-745B-4FA2-8226-AC1C9062BFF6}.Debug|x64.ActiveCfg = Debug|Any CPU
		{4A9A08C3-745B-4FA2-8226-AC1C9062BFF6}.Debug|x64.Build.0 = Debug|Any CPU
		{4A9A08C3-745B-4FA2-8226-AC1C9062BFF6}.Release|Any CPU.ActiveCfg = Release|Any CPU
		{4A9A08C3-745B-4FA2-8226-AC1C9062BFF6}.Release|Any CPU.Build.0 = Release|Any CPU
		{4A9A08C3-745B-4FA2-8226-AC1C9062BFF6}.Release|x64.ActiveCfg = Release|Any CPU
		{4A9A08C3-745B-4FA2-8226-AC1C9062BFF6}.Release|x64.Build.0 = Release|Any CPU
		{ABF8B8AC-3712-482D-82AA-A6EA85B60AA0}.Debug|Any CPU.ActiveCfg = Debug|Any CPU
		{ABF8B8AC-3712-482D-82AA-A6EA85B60AA0}.Debug|Any CPU.Build.0 = Debug|Any CPU
		{ABF8B8AC-3712-482D-82AA-A6EA85B60AA0}.Debug|x64.ActiveCfg = Debug|Any CPU
		{ABF8B8AC-3712-482D-82AA-A6EA85B60AA0}.Debug|x64.Build.0 = Debug|Any CPU
		{ABF8B8AC-3712-482D-82AA-A6EA85B60AA0}.Release|Any CPU.ActiveCfg = Release|Any CPU
		{ABF8B8AC-3712-482D-82AA-A6EA85B60AA0}.Release|Any CPU.Build.0 = Release|Any CPU
		{ABF8B8AC-3712-482D-82AA-A6EA85B60AA0}.Release|x64.ActiveCfg = Release|Any CPU
		{ABF8B8AC-3712-482D-82AA-A6EA85B60AA0}.Release|x64.Build.0 = Release|Any CPU
		{0997BD08-4782-47F3-A392-E878C6A7DE57}.Debug|Any CPU.ActiveCfg = Debug|Any CPU
		{0997BD08-4782-47F3-A392-E878C6A7DE57}.Debug|Any CPU.Build.0 = Debug|Any CPU
		{0997BD08-4782-47F3-A392-E878C6A7DE57}.Debug|x64.ActiveCfg = Debug|Any CPU
		{0997BD08-4782-47F3-A392-E878C6A7DE57}.Debug|x64.Build.0 = Debug|Any CPU
		{0997BD08-4782-47F3-A392-E878C6A7DE57}.Release|Any CPU.ActiveCfg = Release|Any CPU
		{0997BD08-4782-47F3-A392-E878C6A7DE57}.Release|Any CPU.Build.0 = Release|Any CPU
		{0997BD08-4782-47F3-A392-E878C6A7DE57}.Release|x64.ActiveCfg = Release|Any CPU
		{0997BD08-4782-47F3-A392-E878C6A7DE57}.Release|x64.Build.0 = Release|Any CPU
		{E141680C-5BFA-433E-B9B7-118A86857CEF}.Debug|Any CPU.ActiveCfg = Debug|Any CPU
		{E141680C-5BFA-433E-B9B7-118A86857CEF}.Debug|Any CPU.Build.0 = Debug|Any CPU
		{E141680C-5BFA-433E-B9B7-118A86857CEF}.Debug|x64.ActiveCfg = Debug|Any CPU
		{E141680C-5BFA-433E-B9B7-118A86857CEF}.Debug|x64.Build.0 = Debug|Any CPU
		{E141680C-5BFA-433E-B9B7-118A86857CEF}.Release|Any CPU.ActiveCfg = Release|Any CPU
		{E141680C-5BFA-433E-B9B7-118A86857CEF}.Release|Any CPU.Build.0 = Release|Any CPU
		{E141680C-5BFA-433E-B9B7-118A86857CEF}.Release|x64.ActiveCfg = Release|Any CPU
		{E141680C-5BFA-433E-B9B7-118A86857CEF}.Release|x64.Build.0 = Release|Any CPU
		{FB5A2098-6496-4B7F-B45A-C2C967DCD865}.Debug|Any CPU.ActiveCfg = Debug|Any CPU
		{FB5A2098-6496-4B7F-B45A-C2C967DCD865}.Debug|Any CPU.Build.0 = Debug|Any CPU
		{FB5A2098-6496-4B7F-B45A-C2C967DCD865}.Debug|x64.ActiveCfg = Debug|Any CPU
		{FB5A2098-6496-4B7F-B45A-C2C967DCD865}.Debug|x64.Build.0 = Debug|Any CPU
		{FB5A2098-6496-4B7F-B45A-C2C967DCD865}.Release|Any CPU.ActiveCfg = Release|Any CPU
		{FB5A2098-6496-4B7F-B45A-C2C967DCD865}.Release|Any CPU.Build.0 = Release|Any CPU
		{FB5A2098-6496-4B7F-B45A-C2C967DCD865}.Release|x64.ActiveCfg = Release|Any CPU
		{FB5A2098-6496-4B7F-B45A-C2C967DCD865}.Release|x64.Build.0 = Release|Any CPU
		{5650B24B-34D4-4546-A755-2E5435DFAA6E}.Debug|Any CPU.ActiveCfg = Debug|Any CPU
		{5650B24B-34D4-4546-A755-2E5435DFAA6E}.Debug|Any CPU.Build.0 = Debug|Any CPU
		{5650B24B-34D4-4546-A755-2E5435DFAA6E}.Debug|x64.ActiveCfg = Debug|Any CPU
		{5650B24B-34D4-4546-A755-2E5435DFAA6E}.Debug|x64.Build.0 = Debug|Any CPU
		{5650B24B-34D4-4546-A755-2E5435DFAA6E}.Release|Any CPU.ActiveCfg = Release|Any CPU
		{5650B24B-34D4-4546-A755-2E5435DFAA6E}.Release|Any CPU.Build.0 = Release|Any CPU
		{5650B24B-34D4-4546-A755-2E5435DFAA6E}.Release|x64.ActiveCfg = Release|Any CPU
		{5650B24B-34D4-4546-A755-2E5435DFAA6E}.Release|x64.Build.0 = Release|Any CPU
		{5154FCEE-966D-46E8-A0CE-3FFE7A9C86D4}.Debug|Any CPU.ActiveCfg = Debug|Any CPU
		{5154FCEE-966D-46E8-A0CE-3FFE7A9C86D4}.Debug|Any CPU.Build.0 = Debug|Any CPU
		{5154FCEE-966D-46E8-A0CE-3FFE7A9C86D4}.Debug|x64.ActiveCfg = Debug|Any CPU
		{5154FCEE-966D-46E8-A0CE-3FFE7A9C86D4}.Debug|x64.Build.0 = Debug|Any CPU
		{5154FCEE-966D-46E8-A0CE-3FFE7A9C86D4}.Release|Any CPU.ActiveCfg = Release|Any CPU
		{5154FCEE-966D-46E8-A0CE-3FFE7A9C86D4}.Release|Any CPU.Build.0 = Release|Any CPU
		{5154FCEE-966D-46E8-A0CE-3FFE7A9C86D4}.Release|x64.ActiveCfg = Release|Any CPU
		{5154FCEE-966D-46E8-A0CE-3FFE7A9C86D4}.Release|x64.Build.0 = Release|Any CPU
		{68DDEEB5-76C9-4F08-A68B-8F316257A18A}.Debug|Any CPU.ActiveCfg = Debug|Any CPU
		{68DDEEB5-76C9-4F08-A68B-8F316257A18A}.Debug|Any CPU.Build.0 = Debug|Any CPU
		{68DDEEB5-76C9-4F08-A68B-8F316257A18A}.Debug|x64.ActiveCfg = Debug|Any CPU
		{68DDEEB5-76C9-4F08-A68B-8F316257A18A}.Debug|x64.Build.0 = Debug|Any CPU
		{68DDEEB5-76C9-4F08-A68B-8F316257A18A}.Release|Any CPU.ActiveCfg = Release|Any CPU
		{68DDEEB5-76C9-4F08-A68B-8F316257A18A}.Release|Any CPU.Build.0 = Release|Any CPU
		{68DDEEB5-76C9-4F08-A68B-8F316257A18A}.Release|x64.ActiveCfg = Release|Any CPU
		{68DDEEB5-76C9-4F08-A68B-8F316257A18A}.Release|x64.Build.0 = Release|Any CPU
		{FF1E2E46-E611-4392-AB33-9F0174C6B917}.Debug|Any CPU.ActiveCfg = Debug|Any CPU
		{FF1E2E46-E611-4392-AB33-9F0174C6B917}.Debug|Any CPU.Build.0 = Debug|Any CPU
		{FF1E2E46-E611-4392-AB33-9F0174C6B917}.Debug|x64.ActiveCfg = Debug|Any CPU
		{FF1E2E46-E611-4392-AB33-9F0174C6B917}.Debug|x64.Build.0 = Debug|Any CPU
		{FF1E2E46-E611-4392-AB33-9F0174C6B917}.Release|Any CPU.ActiveCfg = Release|Any CPU
		{FF1E2E46-E611-4392-AB33-9F0174C6B917}.Release|Any CPU.Build.0 = Release|Any CPU
		{FF1E2E46-E611-4392-AB33-9F0174C6B917}.Release|x64.ActiveCfg = Release|Any CPU
		{FF1E2E46-E611-4392-AB33-9F0174C6B917}.Release|x64.Build.0 = Release|Any CPU
		{4751ADA0-9580-4A1C-851C-0A2AB0190A9E}.Debug|Any CPU.ActiveCfg = Debug|Any CPU
		{4751ADA0-9580-4A1C-851C-0A2AB0190A9E}.Debug|Any CPU.Build.0 = Debug|Any CPU
		{4751ADA0-9580-4A1C-851C-0A2AB0190A9E}.Debug|x64.ActiveCfg = Debug|Any CPU
		{4751ADA0-9580-4A1C-851C-0A2AB0190A9E}.Debug|x64.Build.0 = Debug|Any CPU
		{4751ADA0-9580-4A1C-851C-0A2AB0190A9E}.Release|Any CPU.ActiveCfg = Release|Any CPU
		{4751ADA0-9580-4A1C-851C-0A2AB0190A9E}.Release|Any CPU.Build.0 = Release|Any CPU
		{4751ADA0-9580-4A1C-851C-0A2AB0190A9E}.Release|x64.ActiveCfg = Release|Any CPU
		{4751ADA0-9580-4A1C-851C-0A2AB0190A9E}.Release|x64.Build.0 = Release|Any CPU
		{052A1EC9-B3C3-409C-8BC0-E7E3CC5DE3A7}.Debug|Any CPU.ActiveCfg = Debug|Any CPU
		{052A1EC9-B3C3-409C-8BC0-E7E3CC5DE3A7}.Debug|Any CPU.Build.0 = Debug|Any CPU
		{052A1EC9-B3C3-409C-8BC0-E7E3CC5DE3A7}.Debug|x64.ActiveCfg = Debug|Any CPU
		{052A1EC9-B3C3-409C-8BC0-E7E3CC5DE3A7}.Debug|x64.Build.0 = Debug|Any CPU
		{052A1EC9-B3C3-409C-8BC0-E7E3CC5DE3A7}.Release|Any CPU.ActiveCfg = Release|Any CPU
		{052A1EC9-B3C3-409C-8BC0-E7E3CC5DE3A7}.Release|Any CPU.Build.0 = Release|Any CPU
		{052A1EC9-B3C3-409C-8BC0-E7E3CC5DE3A7}.Release|x64.ActiveCfg = Release|Any CPU
		{052A1EC9-B3C3-409C-8BC0-E7E3CC5DE3A7}.Release|x64.Build.0 = Release|Any CPU
		{229D9EA0-A344-4349-B405-40C961AADFF7}.Debug|Any CPU.ActiveCfg = Debug|Any CPU
		{229D9EA0-A344-4349-B405-40C961AADFF7}.Debug|Any CPU.Build.0 = Debug|Any CPU
		{229D9EA0-A344-4349-B405-40C961AADFF7}.Debug|x64.ActiveCfg = Debug|Any CPU
		{229D9EA0-A344-4349-B405-40C961AADFF7}.Debug|x64.Build.0 = Debug|Any CPU
		{229D9EA0-A344-4349-B405-40C961AADFF7}.Release|Any CPU.ActiveCfg = Release|Any CPU
		{229D9EA0-A344-4349-B405-40C961AADFF7}.Release|Any CPU.Build.0 = Release|Any CPU
		{229D9EA0-A344-4349-B405-40C961AADFF7}.Release|x64.ActiveCfg = Release|Any CPU
		{229D9EA0-A344-4349-B405-40C961AADFF7}.Release|x64.Build.0 = Release|Any CPU
		{0F3D5EA8-29BE-4723-82AC-4DD7FE485F0B}.Debug|Any CPU.ActiveCfg = Debug|Any CPU
		{0F3D5EA8-29BE-4723-82AC-4DD7FE485F0B}.Debug|Any CPU.Build.0 = Debug|Any CPU
		{0F3D5EA8-29BE-4723-82AC-4DD7FE485F0B}.Debug|x64.ActiveCfg = Debug|Any CPU
		{0F3D5EA8-29BE-4723-82AC-4DD7FE485F0B}.Debug|x64.Build.0 = Debug|Any CPU
		{0F3D5EA8-29BE-4723-82AC-4DD7FE485F0B}.Release|Any CPU.ActiveCfg = Release|Any CPU
		{0F3D5EA8-29BE-4723-82AC-4DD7FE485F0B}.Release|Any CPU.Build.0 = Release|Any CPU
		{0F3D5EA8-29BE-4723-82AC-4DD7FE485F0B}.Release|x64.ActiveCfg = Release|Any CPU
		{0F3D5EA8-29BE-4723-82AC-4DD7FE485F0B}.Release|x64.Build.0 = Release|Any CPU
		{E4F9271C-2B45-4DA8-BB9C-BDF8F1FAF0F9}.Debug|Any CPU.ActiveCfg = Debug|Any CPU
		{E4F9271C-2B45-4DA8-BB9C-BDF8F1FAF0F9}.Debug|Any CPU.Build.0 = Debug|Any CPU
		{E4F9271C-2B45-4DA8-BB9C-BDF8F1FAF0F9}.Debug|x64.ActiveCfg = Debug|Any CPU
		{E4F9271C-2B45-4DA8-BB9C-BDF8F1FAF0F9}.Debug|x64.Build.0 = Debug|Any CPU
		{E4F9271C-2B45-4DA8-BB9C-BDF8F1FAF0F9}.Release|Any CPU.ActiveCfg = Release|Any CPU
		{E4F9271C-2B45-4DA8-BB9C-BDF8F1FAF0F9}.Release|Any CPU.Build.0 = Release|Any CPU
		{E4F9271C-2B45-4DA8-BB9C-BDF8F1FAF0F9}.Release|x64.ActiveCfg = Release|Any CPU
		{E4F9271C-2B45-4DA8-BB9C-BDF8F1FAF0F9}.Release|x64.Build.0 = Release|Any CPU
		{688C8B3F-9584-4588-8A16-C375721DFF2D}.Debug|Any CPU.ActiveCfg = Debug|Any CPU
		{688C8B3F-9584-4588-8A16-C375721DFF2D}.Debug|Any CPU.Build.0 = Debug|Any CPU
		{688C8B3F-9584-4588-8A16-C375721DFF2D}.Debug|x64.ActiveCfg = Debug|Any CPU
		{688C8B3F-9584-4588-8A16-C375721DFF2D}.Debug|x64.Build.0 = Debug|Any CPU
		{688C8B3F-9584-4588-8A16-C375721DFF2D}.Release|Any CPU.ActiveCfg = Release|Any CPU
		{688C8B3F-9584-4588-8A16-C375721DFF2D}.Release|Any CPU.Build.0 = Release|Any CPU
		{688C8B3F-9584-4588-8A16-C375721DFF2D}.Release|x64.ActiveCfg = Release|Any CPU
		{688C8B3F-9584-4588-8A16-C375721DFF2D}.Release|x64.Build.0 = Release|Any CPU
		{13DAD4EB-070A-40BA-8AAA-16B666C27F8D}.Debug|Any CPU.ActiveCfg = Debug|Any CPU
		{13DAD4EB-070A-40BA-8AAA-16B666C27F8D}.Debug|Any CPU.Build.0 = Debug|Any CPU
		{13DAD4EB-070A-40BA-8AAA-16B666C27F8D}.Debug|x64.ActiveCfg = Debug|Any CPU
		{13DAD4EB-070A-40BA-8AAA-16B666C27F8D}.Debug|x64.Build.0 = Debug|Any CPU
		{13DAD4EB-070A-40BA-8AAA-16B666C27F8D}.Release|Any CPU.ActiveCfg = Release|Any CPU
		{13DAD4EB-070A-40BA-8AAA-16B666C27F8D}.Release|Any CPU.Build.0 = Release|Any CPU
		{13DAD4EB-070A-40BA-8AAA-16B666C27F8D}.Release|x64.ActiveCfg = Release|Any CPU
		{13DAD4EB-070A-40BA-8AAA-16B666C27F8D}.Release|x64.Build.0 = Release|Any CPU
		{9F7DBDA1-EF6C-46EE-94FB-9CC0A76DD76E}.Debug|Any CPU.ActiveCfg = Debug|Any CPU
		{9F7DBDA1-EF6C-46EE-94FB-9CC0A76DD76E}.Debug|Any CPU.Build.0 = Debug|Any CPU
		{9F7DBDA1-EF6C-46EE-94FB-9CC0A76DD76E}.Debug|x64.ActiveCfg = Debug|Any CPU
		{9F7DBDA1-EF6C-46EE-94FB-9CC0A76DD76E}.Debug|x64.Build.0 = Debug|Any CPU
		{9F7DBDA1-EF6C-46EE-94FB-9CC0A76DD76E}.Release|Any CPU.ActiveCfg = Release|Any CPU
		{9F7DBDA1-EF6C-46EE-94FB-9CC0A76DD76E}.Release|Any CPU.Build.0 = Release|Any CPU
		{9F7DBDA1-EF6C-46EE-94FB-9CC0A76DD76E}.Release|x64.ActiveCfg = Release|Any CPU
		{9F7DBDA1-EF6C-46EE-94FB-9CC0A76DD76E}.Release|x64.Build.0 = Release|Any CPU
		{E2A6AA21-0EC0-4809-ACAC-805819CF01DF}.Debug|Any CPU.ActiveCfg = Debug|Any CPU
		{E2A6AA21-0EC0-4809-ACAC-805819CF01DF}.Debug|Any CPU.Build.0 = Debug|Any CPU
		{E2A6AA21-0EC0-4809-ACAC-805819CF01DF}.Debug|x64.ActiveCfg = Debug|Any CPU
		{E2A6AA21-0EC0-4809-ACAC-805819CF01DF}.Debug|x64.Build.0 = Debug|Any CPU
		{E2A6AA21-0EC0-4809-ACAC-805819CF01DF}.Release|Any CPU.ActiveCfg = Release|Any CPU
		{E2A6AA21-0EC0-4809-ACAC-805819CF01DF}.Release|Any CPU.Build.0 = Release|Any CPU
		{E2A6AA21-0EC0-4809-ACAC-805819CF01DF}.Release|x64.ActiveCfg = Release|Any CPU
		{E2A6AA21-0EC0-4809-ACAC-805819CF01DF}.Release|x64.Build.0 = Release|Any CPU
		{EDE7156A-F5A1-4C81-922F-F527BE74956D}.Debug|Any CPU.ActiveCfg = Debug|Any CPU
		{EDE7156A-F5A1-4C81-922F-F527BE74956D}.Debug|Any CPU.Build.0 = Debug|Any CPU
		{EDE7156A-F5A1-4C81-922F-F527BE74956D}.Debug|x64.ActiveCfg = Debug|Any CPU
		{EDE7156A-F5A1-4C81-922F-F527BE74956D}.Debug|x64.Build.0 = Debug|Any CPU
		{EDE7156A-F5A1-4C81-922F-F527BE74956D}.Release|Any CPU.ActiveCfg = Release|Any CPU
		{EDE7156A-F5A1-4C81-922F-F527BE74956D}.Release|Any CPU.Build.0 = Release|Any CPU
		{EDE7156A-F5A1-4C81-922F-F527BE74956D}.Release|x64.ActiveCfg = Release|Any CPU
		{EDE7156A-F5A1-4C81-922F-F527BE74956D}.Release|x64.Build.0 = Release|Any CPU
		{03C9BE0F-6145-477A-80EC-A0569A2AC2CD}.Debug|Any CPU.ActiveCfg = Debug|Any CPU
		{03C9BE0F-6145-477A-80EC-A0569A2AC2CD}.Debug|Any CPU.Build.0 = Debug|Any CPU
		{03C9BE0F-6145-477A-80EC-A0569A2AC2CD}.Debug|x64.ActiveCfg = Debug|Any CPU
		{03C9BE0F-6145-477A-80EC-A0569A2AC2CD}.Debug|x64.Build.0 = Debug|Any CPU
		{03C9BE0F-6145-477A-80EC-A0569A2AC2CD}.Release|Any CPU.ActiveCfg = Release|Any CPU
		{03C9BE0F-6145-477A-80EC-A0569A2AC2CD}.Release|Any CPU.Build.0 = Release|Any CPU
		{03C9BE0F-6145-477A-80EC-A0569A2AC2CD}.Release|x64.ActiveCfg = Release|Any CPU
		{03C9BE0F-6145-477A-80EC-A0569A2AC2CD}.Release|x64.Build.0 = Release|Any CPU
		{E3E3AE6A-A329-40CA-AB3A-251A2A91E739}.Debug|Any CPU.ActiveCfg = Debug|Any CPU
		{E3E3AE6A-A329-40CA-AB3A-251A2A91E739}.Debug|Any CPU.Build.0 = Debug|Any CPU
		{E3E3AE6A-A329-40CA-AB3A-251A2A91E739}.Debug|x64.ActiveCfg = Debug|Any CPU
		{E3E3AE6A-A329-40CA-AB3A-251A2A91E739}.Debug|x64.Build.0 = Debug|Any CPU
		{E3E3AE6A-A329-40CA-AB3A-251A2A91E739}.Release|Any CPU.ActiveCfg = Release|Any CPU
		{E3E3AE6A-A329-40CA-AB3A-251A2A91E739}.Release|Any CPU.Build.0 = Release|Any CPU
		{E3E3AE6A-A329-40CA-AB3A-251A2A91E739}.Release|x64.ActiveCfg = Release|Any CPU
		{E3E3AE6A-A329-40CA-AB3A-251A2A91E739}.Release|x64.Build.0 = Release|Any CPU
		{CECF108B-2B67-4253-A07E-5203E39E72CE}.Debug|Any CPU.ActiveCfg = Debug|Any CPU
		{CECF108B-2B67-4253-A07E-5203E39E72CE}.Debug|Any CPU.Build.0 = Debug|Any CPU
		{CECF108B-2B67-4253-A07E-5203E39E72CE}.Debug|x64.ActiveCfg = Debug|Any CPU
		{CECF108B-2B67-4253-A07E-5203E39E72CE}.Debug|x64.Build.0 = Debug|Any CPU
		{CECF108B-2B67-4253-A07E-5203E39E72CE}.Release|Any CPU.ActiveCfg = Release|Any CPU
		{CECF108B-2B67-4253-A07E-5203E39E72CE}.Release|Any CPU.Build.0 = Release|Any CPU
		{CECF108B-2B67-4253-A07E-5203E39E72CE}.Release|x64.ActiveCfg = Release|Any CPU
		{CECF108B-2B67-4253-A07E-5203E39E72CE}.Release|x64.Build.0 = Release|Any CPU
		{C2BE307D-2607-43CC-83DD-78ECB8264368}.Debug|Any CPU.ActiveCfg = Debug|Any CPU
		{C2BE307D-2607-43CC-83DD-78ECB8264368}.Debug|Any CPU.Build.0 = Debug|Any CPU
		{C2BE307D-2607-43CC-83DD-78ECB8264368}.Debug|x64.ActiveCfg = Debug|Any CPU
		{C2BE307D-2607-43CC-83DD-78ECB8264368}.Debug|x64.Build.0 = Debug|Any CPU
		{C2BE307D-2607-43CC-83DD-78ECB8264368}.Release|Any CPU.ActiveCfg = Release|Any CPU
		{C2BE307D-2607-43CC-83DD-78ECB8264368}.Release|Any CPU.Build.0 = Release|Any CPU
		{C2BE307D-2607-43CC-83DD-78ECB8264368}.Release|x64.ActiveCfg = Release|Any CPU
		{C2BE307D-2607-43CC-83DD-78ECB8264368}.Release|x64.Build.0 = Release|Any CPU
		{DDF7722D-BE36-412C-988D-9B9855AAD3A7}.Debug|Any CPU.ActiveCfg = Debug|Any CPU
		{DDF7722D-BE36-412C-988D-9B9855AAD3A7}.Debug|Any CPU.Build.0 = Debug|Any CPU
		{DDF7722D-BE36-412C-988D-9B9855AAD3A7}.Debug|x64.ActiveCfg = Debug|Any CPU
		{DDF7722D-BE36-412C-988D-9B9855AAD3A7}.Debug|x64.Build.0 = Debug|Any CPU
		{DDF7722D-BE36-412C-988D-9B9855AAD3A7}.Release|Any CPU.ActiveCfg = Release|Any CPU
		{DDF7722D-BE36-412C-988D-9B9855AAD3A7}.Release|Any CPU.Build.0 = Release|Any CPU
		{DDF7722D-BE36-412C-988D-9B9855AAD3A7}.Release|x64.ActiveCfg = Release|Any CPU
		{DDF7722D-BE36-412C-988D-9B9855AAD3A7}.Release|x64.Build.0 = Release|Any CPU
		{121A1662-9D42-460D-B545-D9853E682010}.Debug|Any CPU.ActiveCfg = Debug|Any CPU
		{121A1662-9D42-460D-B545-D9853E682010}.Debug|Any CPU.Build.0 = Debug|Any CPU
		{121A1662-9D42-460D-B545-D9853E682010}.Debug|x64.ActiveCfg = Debug|Any CPU
		{121A1662-9D42-460D-B545-D9853E682010}.Debug|x64.Build.0 = Debug|Any CPU
		{121A1662-9D42-460D-B545-D9853E682010}.Release|Any CPU.ActiveCfg = Release|Any CPU
		{121A1662-9D42-460D-B545-D9853E682010}.Release|Any CPU.Build.0 = Release|Any CPU
		{121A1662-9D42-460D-B545-D9853E682010}.Release|x64.ActiveCfg = Release|Any CPU
		{121A1662-9D42-460D-B545-D9853E682010}.Release|x64.Build.0 = Release|Any CPU
		{0F430325-8CB2-478E-AB85-F1A99D0D5758}.Debug|Any CPU.ActiveCfg = Debug|Any CPU
		{0F430325-8CB2-478E-AB85-F1A99D0D5758}.Debug|Any CPU.Build.0 = Debug|Any CPU
		{0F430325-8CB2-478E-AB85-F1A99D0D5758}.Debug|x64.ActiveCfg = Debug|Any CPU
		{0F430325-8CB2-478E-AB85-F1A99D0D5758}.Debug|x64.Build.0 = Debug|Any CPU
		{0F430325-8CB2-478E-AB85-F1A99D0D5758}.Release|Any CPU.ActiveCfg = Release|Any CPU
		{0F430325-8CB2-478E-AB85-F1A99D0D5758}.Release|Any CPU.Build.0 = Release|Any CPU
		{0F430325-8CB2-478E-AB85-F1A99D0D5758}.Release|x64.ActiveCfg = Release|Any CPU
		{0F430325-8CB2-478E-AB85-F1A99D0D5758}.Release|x64.Build.0 = Release|Any CPU
		{876A88C6-BCEF-4A4F-B230-86E5869E790C}.Debug|Any CPU.ActiveCfg = Debug|Any CPU
		{876A88C6-BCEF-4A4F-B230-86E5869E790C}.Debug|Any CPU.Build.0 = Debug|Any CPU
		{876A88C6-BCEF-4A4F-B230-86E5869E790C}.Debug|x64.ActiveCfg = Debug|Any CPU
		{876A88C6-BCEF-4A4F-B230-86E5869E790C}.Debug|x64.Build.0 = Debug|Any CPU
		{876A88C6-BCEF-4A4F-B230-86E5869E790C}.Release|Any CPU.ActiveCfg = Release|Any CPU
		{876A88C6-BCEF-4A4F-B230-86E5869E790C}.Release|Any CPU.Build.0 = Release|Any CPU
		{876A88C6-BCEF-4A4F-B230-86E5869E790C}.Release|x64.ActiveCfg = Release|Any CPU
		{876A88C6-BCEF-4A4F-B230-86E5869E790C}.Release|x64.Build.0 = Release|Any CPU
		{34A78A1C-0B5C-4567-AFD8-E720674B648F}.Debug|Any CPU.ActiveCfg = Debug|Any CPU
		{34A78A1C-0B5C-4567-AFD8-E720674B648F}.Debug|Any CPU.Build.0 = Debug|Any CPU
		{34A78A1C-0B5C-4567-AFD8-E720674B648F}.Debug|x64.ActiveCfg = Debug|Any CPU
		{34A78A1C-0B5C-4567-AFD8-E720674B648F}.Debug|x64.Build.0 = Debug|Any CPU
		{34A78A1C-0B5C-4567-AFD8-E720674B648F}.Release|Any CPU.ActiveCfg = Release|Any CPU
		{34A78A1C-0B5C-4567-AFD8-E720674B648F}.Release|Any CPU.Build.0 = Release|Any CPU
		{34A78A1C-0B5C-4567-AFD8-E720674B648F}.Release|x64.ActiveCfg = Release|Any CPU
		{34A78A1C-0B5C-4567-AFD8-E720674B648F}.Release|x64.Build.0 = Release|Any CPU
		{A29DB273-093F-41F4-B1F4-C90520479105}.Debug|Any CPU.ActiveCfg = Debug|Any CPU
		{A29DB273-093F-41F4-B1F4-C90520479105}.Debug|Any CPU.Build.0 = Debug|Any CPU
		{A29DB273-093F-41F4-B1F4-C90520479105}.Debug|x64.ActiveCfg = Debug|Any CPU
		{A29DB273-093F-41F4-B1F4-C90520479105}.Debug|x64.Build.0 = Debug|Any CPU
		{A29DB273-093F-41F4-B1F4-C90520479105}.Release|Any CPU.ActiveCfg = Release|Any CPU
		{A29DB273-093F-41F4-B1F4-C90520479105}.Release|Any CPU.Build.0 = Release|Any CPU
		{A29DB273-093F-41F4-B1F4-C90520479105}.Release|x64.ActiveCfg = Release|Any CPU
		{A29DB273-093F-41F4-B1F4-C90520479105}.Release|x64.Build.0 = Release|Any CPU
		{CEC7BE88-1059-4CC7-8269-4FA47E574FC8}.Debug|Any CPU.ActiveCfg = Debug|Any CPU
		{CEC7BE88-1059-4CC7-8269-4FA47E574FC8}.Debug|Any CPU.Build.0 = Debug|Any CPU
		{CEC7BE88-1059-4CC7-8269-4FA47E574FC8}.Debug|x64.ActiveCfg = Debug|Any CPU
		{CEC7BE88-1059-4CC7-8269-4FA47E574FC8}.Debug|x64.Build.0 = Debug|Any CPU
		{CEC7BE88-1059-4CC7-8269-4FA47E574FC8}.Release|Any CPU.ActiveCfg = Release|Any CPU
		{CEC7BE88-1059-4CC7-8269-4FA47E574FC8}.Release|Any CPU.Build.0 = Release|Any CPU
		{CEC7BE88-1059-4CC7-8269-4FA47E574FC8}.Release|x64.ActiveCfg = Release|Any CPU
		{CEC7BE88-1059-4CC7-8269-4FA47E574FC8}.Release|x64.Build.0 = Release|Any CPU
		{F3C22866-7562-48F0-9F74-0A42317408FC}.Debug|Any CPU.ActiveCfg = Debug|Any CPU
		{F3C22866-7562-48F0-9F74-0A42317408FC}.Debug|Any CPU.Build.0 = Debug|Any CPU
		{F3C22866-7562-48F0-9F74-0A42317408FC}.Debug|x64.ActiveCfg = Debug|Any CPU
		{F3C22866-7562-48F0-9F74-0A42317408FC}.Debug|x64.Build.0 = Debug|Any CPU
		{F3C22866-7562-48F0-9F74-0A42317408FC}.Release|Any CPU.ActiveCfg = Release|Any CPU
		{F3C22866-7562-48F0-9F74-0A42317408FC}.Release|Any CPU.Build.0 = Release|Any CPU
		{F3C22866-7562-48F0-9F74-0A42317408FC}.Release|x64.ActiveCfg = Release|Any CPU
		{F3C22866-7562-48F0-9F74-0A42317408FC}.Release|x64.Build.0 = Release|Any CPU
		{93F9F3BB-C56E-423B-8F23-9FFDD5EABB29}.Debug|Any CPU.ActiveCfg = Debug|Any CPU
		{93F9F3BB-C56E-423B-8F23-9FFDD5EABB29}.Debug|Any CPU.Build.0 = Debug|Any CPU
		{93F9F3BB-C56E-423B-8F23-9FFDD5EABB29}.Debug|x64.ActiveCfg = Debug|Any CPU
		{93F9F3BB-C56E-423B-8F23-9FFDD5EABB29}.Debug|x64.Build.0 = Debug|Any CPU
		{93F9F3BB-C56E-423B-8F23-9FFDD5EABB29}.Release|Any CPU.ActiveCfg = Release|Any CPU
		{93F9F3BB-C56E-423B-8F23-9FFDD5EABB29}.Release|Any CPU.Build.0 = Release|Any CPU
		{93F9F3BB-C56E-423B-8F23-9FFDD5EABB29}.Release|x64.ActiveCfg = Release|Any CPU
		{93F9F3BB-C56E-423B-8F23-9FFDD5EABB29}.Release|x64.Build.0 = Release|Any CPU
		{FB8AB60B-BD7C-4F3A-9644-CE3EF6784CFE}.Debug|Any CPU.ActiveCfg = Debug|Any CPU
		{FB8AB60B-BD7C-4F3A-9644-CE3EF6784CFE}.Debug|Any CPU.Build.0 = Debug|Any CPU
		{FB8AB60B-BD7C-4F3A-9644-CE3EF6784CFE}.Debug|x64.ActiveCfg = Debug|Any CPU
		{FB8AB60B-BD7C-4F3A-9644-CE3EF6784CFE}.Debug|x64.Build.0 = Debug|Any CPU
		{FB8AB60B-BD7C-4F3A-9644-CE3EF6784CFE}.Release|Any CPU.ActiveCfg = Release|Any CPU
		{FB8AB60B-BD7C-4F3A-9644-CE3EF6784CFE}.Release|Any CPU.Build.0 = Release|Any CPU
		{FB8AB60B-BD7C-4F3A-9644-CE3EF6784CFE}.Release|x64.ActiveCfg = Release|Any CPU
		{FB8AB60B-BD7C-4F3A-9644-CE3EF6784CFE}.Release|x64.Build.0 = Release|Any CPU
		{B5A67012-B34E-4C92-AF60-8570E844F363}.Debug|Any CPU.ActiveCfg = Debug|Any CPU
		{B5A67012-B34E-4C92-AF60-8570E844F363}.Debug|Any CPU.Build.0 = Debug|Any CPU
		{B5A67012-B34E-4C92-AF60-8570E844F363}.Debug|x64.ActiveCfg = Debug|Any CPU
		{B5A67012-B34E-4C92-AF60-8570E844F363}.Debug|x64.Build.0 = Debug|Any CPU
		{B5A67012-B34E-4C92-AF60-8570E844F363}.Release|Any CPU.ActiveCfg = Release|Any CPU
		{B5A67012-B34E-4C92-AF60-8570E844F363}.Release|Any CPU.Build.0 = Release|Any CPU
		{B5A67012-B34E-4C92-AF60-8570E844F363}.Release|x64.ActiveCfg = Release|Any CPU
		{B5A67012-B34E-4C92-AF60-8570E844F363}.Release|x64.Build.0 = Release|Any CPU
		{7886B2BC-0100-4111-B1FD-CBDFC38D0BDD}.Debug|Any CPU.ActiveCfg = Debug|Any CPU
		{7886B2BC-0100-4111-B1FD-CBDFC38D0BDD}.Debug|Any CPU.Build.0 = Debug|Any CPU
		{7886B2BC-0100-4111-B1FD-CBDFC38D0BDD}.Debug|x64.ActiveCfg = Debug|Any CPU
		{7886B2BC-0100-4111-B1FD-CBDFC38D0BDD}.Debug|x64.Build.0 = Debug|Any CPU
		{7886B2BC-0100-4111-B1FD-CBDFC38D0BDD}.Release|Any CPU.ActiveCfg = Release|Any CPU
		{7886B2BC-0100-4111-B1FD-CBDFC38D0BDD}.Release|Any CPU.Build.0 = Release|Any CPU
		{7886B2BC-0100-4111-B1FD-CBDFC38D0BDD}.Release|x64.ActiveCfg = Release|Any CPU
		{7886B2BC-0100-4111-B1FD-CBDFC38D0BDD}.Release|x64.Build.0 = Release|Any CPU
		{7EF63786-D97C-4F78-8D7F-9D310C65F723}.Debug|Any CPU.ActiveCfg = Debug|Any CPU
		{7EF63786-D97C-4F78-8D7F-9D310C65F723}.Debug|Any CPU.Build.0 = Debug|Any CPU
		{7EF63786-D97C-4F78-8D7F-9D310C65F723}.Debug|x64.ActiveCfg = Debug|Any CPU
		{7EF63786-D97C-4F78-8D7F-9D310C65F723}.Debug|x64.Build.0 = Debug|Any CPU
		{7EF63786-D97C-4F78-8D7F-9D310C65F723}.Release|Any CPU.ActiveCfg = Release|Any CPU
		{7EF63786-D97C-4F78-8D7F-9D310C65F723}.Release|Any CPU.Build.0 = Release|Any CPU
		{7EF63786-D97C-4F78-8D7F-9D310C65F723}.Release|x64.ActiveCfg = Release|Any CPU
		{7EF63786-D97C-4F78-8D7F-9D310C65F723}.Release|x64.Build.0 = Release|Any CPU
		{15E01063-14D1-492E-80E5-F7BEFC0CB350}.Debug|Any CPU.ActiveCfg = Debug|Any CPU
		{15E01063-14D1-492E-80E5-F7BEFC0CB350}.Debug|Any CPU.Build.0 = Debug|Any CPU
		{15E01063-14D1-492E-80E5-F7BEFC0CB350}.Debug|x64.ActiveCfg = Debug|Any CPU
		{15E01063-14D1-492E-80E5-F7BEFC0CB350}.Debug|x64.Build.0 = Debug|Any CPU
		{15E01063-14D1-492E-80E5-F7BEFC0CB350}.Release|Any CPU.ActiveCfg = Release|Any CPU
		{15E01063-14D1-492E-80E5-F7BEFC0CB350}.Release|Any CPU.Build.0 = Release|Any CPU
		{15E01063-14D1-492E-80E5-F7BEFC0CB350}.Release|x64.ActiveCfg = Release|Any CPU
		{15E01063-14D1-492E-80E5-F7BEFC0CB350}.Release|x64.Build.0 = Release|Any CPU
		{C8D575ED-387F-455B-B80A-6BC74C649CE4}.Debug|Any CPU.ActiveCfg = Debug|Any CPU
		{C8D575ED-387F-455B-B80A-6BC74C649CE4}.Debug|Any CPU.Build.0 = Debug|Any CPU
		{C8D575ED-387F-455B-B80A-6BC74C649CE4}.Debug|x64.ActiveCfg = Debug|Any CPU
		{C8D575ED-387F-455B-B80A-6BC74C649CE4}.Debug|x64.Build.0 = Debug|Any CPU
		{C8D575ED-387F-455B-B80A-6BC74C649CE4}.Release|Any CPU.ActiveCfg = Release|Any CPU
		{C8D575ED-387F-455B-B80A-6BC74C649CE4}.Release|Any CPU.Build.0 = Release|Any CPU
		{C8D575ED-387F-455B-B80A-6BC74C649CE4}.Release|x64.ActiveCfg = Release|Any CPU
		{C8D575ED-387F-455B-B80A-6BC74C649CE4}.Release|x64.Build.0 = Release|Any CPU
		{893C5239-3269-4FAE-97F7-2DCC941F8278}.Debug|Any CPU.ActiveCfg = Debug|Any CPU
		{893C5239-3269-4FAE-97F7-2DCC941F8278}.Debug|Any CPU.Build.0 = Debug|Any CPU
		{893C5239-3269-4FAE-97F7-2DCC941F8278}.Debug|x64.ActiveCfg = Debug|Any CPU
		{893C5239-3269-4FAE-97F7-2DCC941F8278}.Debug|x64.Build.0 = Debug|Any CPU
		{893C5239-3269-4FAE-97F7-2DCC941F8278}.Release|Any CPU.ActiveCfg = Release|Any CPU
		{893C5239-3269-4FAE-97F7-2DCC941F8278}.Release|Any CPU.Build.0 = Release|Any CPU
		{893C5239-3269-4FAE-97F7-2DCC941F8278}.Release|x64.ActiveCfg = Release|Any CPU
		{893C5239-3269-4FAE-97F7-2DCC941F8278}.Release|x64.Build.0 = Release|Any CPU
		{77F6F0A2-A2DE-41DF-B0D6-4D1FB5620744}.Debug|Any CPU.ActiveCfg = Debug|Any CPU
		{77F6F0A2-A2DE-41DF-B0D6-4D1FB5620744}.Debug|Any CPU.Build.0 = Debug|Any CPU
		{77F6F0A2-A2DE-41DF-B0D6-4D1FB5620744}.Debug|x64.ActiveCfg = Debug|Any CPU
		{77F6F0A2-A2DE-41DF-B0D6-4D1FB5620744}.Debug|x64.Build.0 = Debug|Any CPU
		{77F6F0A2-A2DE-41DF-B0D6-4D1FB5620744}.Release|Any CPU.ActiveCfg = Release|Any CPU
		{77F6F0A2-A2DE-41DF-B0D6-4D1FB5620744}.Release|Any CPU.Build.0 = Release|Any CPU
		{77F6F0A2-A2DE-41DF-B0D6-4D1FB5620744}.Release|x64.ActiveCfg = Release|Any CPU
		{77F6F0A2-A2DE-41DF-B0D6-4D1FB5620744}.Release|x64.Build.0 = Release|Any CPU
		{3A388BA9-56DF-4789-9BEF-2B2C4D16FEBC}.Debug|Any CPU.ActiveCfg = Debug|Any CPU
		{3A388BA9-56DF-4789-9BEF-2B2C4D16FEBC}.Debug|Any CPU.Build.0 = Debug|Any CPU
		{3A388BA9-56DF-4789-9BEF-2B2C4D16FEBC}.Debug|x64.ActiveCfg = Debug|Any CPU
		{3A388BA9-56DF-4789-9BEF-2B2C4D16FEBC}.Debug|x64.Build.0 = Debug|Any CPU
		{3A388BA9-56DF-4789-9BEF-2B2C4D16FEBC}.Release|Any CPU.ActiveCfg = Release|Any CPU
		{3A388BA9-56DF-4789-9BEF-2B2C4D16FEBC}.Release|Any CPU.Build.0 = Release|Any CPU
		{3A388BA9-56DF-4789-9BEF-2B2C4D16FEBC}.Release|x64.ActiveCfg = Release|Any CPU
		{3A388BA9-56DF-4789-9BEF-2B2C4D16FEBC}.Release|x64.Build.0 = Release|Any CPU
		{F4E8BE7A-28BB-4FD9-B4DE-DFC7D4BE421E}.Debug|Any CPU.ActiveCfg = Debug|Any CPU
		{F4E8BE7A-28BB-4FD9-B4DE-DFC7D4BE421E}.Debug|Any CPU.Build.0 = Debug|Any CPU
		{F4E8BE7A-28BB-4FD9-B4DE-DFC7D4BE421E}.Debug|x64.ActiveCfg = Debug|Any CPU
		{F4E8BE7A-28BB-4FD9-B4DE-DFC7D4BE421E}.Debug|x64.Build.0 = Debug|Any CPU
		{F4E8BE7A-28BB-4FD9-B4DE-DFC7D4BE421E}.Release|Any CPU.ActiveCfg = Release|Any CPU
		{F4E8BE7A-28BB-4FD9-B4DE-DFC7D4BE421E}.Release|Any CPU.Build.0 = Release|Any CPU
		{F4E8BE7A-28BB-4FD9-B4DE-DFC7D4BE421E}.Release|x64.ActiveCfg = Release|Any CPU
		{F4E8BE7A-28BB-4FD9-B4DE-DFC7D4BE421E}.Release|x64.Build.0 = Release|Any CPU
		{7E93B320-2DE7-4007-868F-1D818E9EB641}.Debug|Any CPU.ActiveCfg = Debug|Any CPU
		{7E93B320-2DE7-4007-868F-1D818E9EB641}.Debug|Any CPU.Build.0 = Debug|Any CPU
		{7E93B320-2DE7-4007-868F-1D818E9EB641}.Debug|x64.ActiveCfg = Debug|Any CPU
		{7E93B320-2DE7-4007-868F-1D818E9EB641}.Debug|x64.Build.0 = Debug|Any CPU
		{7E93B320-2DE7-4007-868F-1D818E9EB641}.Release|Any CPU.ActiveCfg = Release|Any CPU
		{7E93B320-2DE7-4007-868F-1D818E9EB641}.Release|Any CPU.Build.0 = Release|Any CPU
		{7E93B320-2DE7-4007-868F-1D818E9EB641}.Release|x64.ActiveCfg = Release|Any CPU
		{7E93B320-2DE7-4007-868F-1D818E9EB641}.Release|x64.Build.0 = Release|Any CPU
		{10B6C6DD-B025-483D-BE3D-A36A81D5DDAE}.Debug|Any CPU.ActiveCfg = Debug|Any CPU
		{10B6C6DD-B025-483D-BE3D-A36A81D5DDAE}.Debug|Any CPU.Build.0 = Debug|Any CPU
		{10B6C6DD-B025-483D-BE3D-A36A81D5DDAE}.Debug|x64.ActiveCfg = Debug|Any CPU
		{10B6C6DD-B025-483D-BE3D-A36A81D5DDAE}.Debug|x64.Build.0 = Debug|Any CPU
		{10B6C6DD-B025-483D-BE3D-A36A81D5DDAE}.Release|Any CPU.ActiveCfg = Release|Any CPU
		{10B6C6DD-B025-483D-BE3D-A36A81D5DDAE}.Release|Any CPU.Build.0 = Release|Any CPU
		{10B6C6DD-B025-483D-BE3D-A36A81D5DDAE}.Release|x64.ActiveCfg = Release|Any CPU
		{10B6C6DD-B025-483D-BE3D-A36A81D5DDAE}.Release|x64.Build.0 = Release|Any CPU
		{CCAF6DC6-2E59-41BD-8CD1-DC6F62BE861F}.Debug|Any CPU.ActiveCfg = Debug|Any CPU
		{CCAF6DC6-2E59-41BD-8CD1-DC6F62BE861F}.Debug|Any CPU.Build.0 = Debug|Any CPU
		{CCAF6DC6-2E59-41BD-8CD1-DC6F62BE861F}.Debug|x64.ActiveCfg = Debug|Any CPU
		{CCAF6DC6-2E59-41BD-8CD1-DC6F62BE861F}.Debug|x64.Build.0 = Debug|Any CPU
		{CCAF6DC6-2E59-41BD-8CD1-DC6F62BE861F}.Release|Any CPU.ActiveCfg = Release|Any CPU
		{CCAF6DC6-2E59-41BD-8CD1-DC6F62BE861F}.Release|Any CPU.Build.0 = Release|Any CPU
		{CCAF6DC6-2E59-41BD-8CD1-DC6F62BE861F}.Release|x64.ActiveCfg = Release|Any CPU
		{CCAF6DC6-2E59-41BD-8CD1-DC6F62BE861F}.Release|x64.Build.0 = Release|Any CPU
		{94B785A6-974B-4F44-B8F2-D2CB09333E18}.Debug|Any CPU.ActiveCfg = Debug|Any CPU
		{94B785A6-974B-4F44-B8F2-D2CB09333E18}.Debug|Any CPU.Build.0 = Debug|Any CPU
		{94B785A6-974B-4F44-B8F2-D2CB09333E18}.Debug|x64.ActiveCfg = Debug|Any CPU
		{94B785A6-974B-4F44-B8F2-D2CB09333E18}.Debug|x64.Build.0 = Debug|Any CPU
		{94B785A6-974B-4F44-B8F2-D2CB09333E18}.Release|Any CPU.ActiveCfg = Release|Any CPU
		{94B785A6-974B-4F44-B8F2-D2CB09333E18}.Release|Any CPU.Build.0 = Release|Any CPU
		{94B785A6-974B-4F44-B8F2-D2CB09333E18}.Release|x64.ActiveCfg = Release|Any CPU
		{94B785A6-974B-4F44-B8F2-D2CB09333E18}.Release|x64.Build.0 = Release|Any CPU
		{6BE63D2B-CD6A-4F0B-BB55-5FC70D388749}.Debug|Any CPU.ActiveCfg = Debug|Any CPU
		{6BE63D2B-CD6A-4F0B-BB55-5FC70D388749}.Debug|Any CPU.Build.0 = Debug|Any CPU
		{6BE63D2B-CD6A-4F0B-BB55-5FC70D388749}.Debug|x64.ActiveCfg = Debug|Any CPU
		{6BE63D2B-CD6A-4F0B-BB55-5FC70D388749}.Debug|x64.Build.0 = Debug|Any CPU
		{6BE63D2B-CD6A-4F0B-BB55-5FC70D388749}.Release|Any CPU.ActiveCfg = Release|Any CPU
		{6BE63D2B-CD6A-4F0B-BB55-5FC70D388749}.Release|Any CPU.Build.0 = Release|Any CPU
		{6BE63D2B-CD6A-4F0B-BB55-5FC70D388749}.Release|x64.ActiveCfg = Release|Any CPU
		{6BE63D2B-CD6A-4F0B-BB55-5FC70D388749}.Release|x64.Build.0 = Release|Any CPU
		{F7EC2643-3DC3-4772-954F-8AC00DA62D91}.Debug|Any CPU.ActiveCfg = Debug|Any CPU
		{F7EC2643-3DC3-4772-954F-8AC00DA62D91}.Debug|Any CPU.Build.0 = Debug|Any CPU
		{F7EC2643-3DC3-4772-954F-8AC00DA62D91}.Debug|x64.ActiveCfg = Debug|Any CPU
		{F7EC2643-3DC3-4772-954F-8AC00DA62D91}.Debug|x64.Build.0 = Debug|Any CPU
		{F7EC2643-3DC3-4772-954F-8AC00DA62D91}.Release|Any CPU.ActiveCfg = Release|Any CPU
		{F7EC2643-3DC3-4772-954F-8AC00DA62D91}.Release|Any CPU.Build.0 = Release|Any CPU
		{F7EC2643-3DC3-4772-954F-8AC00DA62D91}.Release|x64.ActiveCfg = Release|Any CPU
		{F7EC2643-3DC3-4772-954F-8AC00DA62D91}.Release|x64.Build.0 = Release|Any CPU
		{12C2CF8A-2878-4BF7-BC3D-06ABDC7A548B}.Debug|Any CPU.ActiveCfg = Debug|Any CPU
		{12C2CF8A-2878-4BF7-BC3D-06ABDC7A548B}.Debug|Any CPU.Build.0 = Debug|Any CPU
		{12C2CF8A-2878-4BF7-BC3D-06ABDC7A548B}.Debug|x64.ActiveCfg = Debug|Any CPU
		{12C2CF8A-2878-4BF7-BC3D-06ABDC7A548B}.Debug|x64.Build.0 = Debug|Any CPU
		{12C2CF8A-2878-4BF7-BC3D-06ABDC7A548B}.Release|Any CPU.ActiveCfg = Release|Any CPU
		{12C2CF8A-2878-4BF7-BC3D-06ABDC7A548B}.Release|Any CPU.Build.0 = Release|Any CPU
		{12C2CF8A-2878-4BF7-BC3D-06ABDC7A548B}.Release|x64.ActiveCfg = Release|Any CPU
		{12C2CF8A-2878-4BF7-BC3D-06ABDC7A548B}.Release|x64.Build.0 = Release|Any CPU
		{38E348D4-D215-4FB7-8BE8-B973100769E2}.Debug|Any CPU.ActiveCfg = Debug|Any CPU
		{38E348D4-D215-4FB7-8BE8-B973100769E2}.Debug|Any CPU.Build.0 = Debug|Any CPU
		{38E348D4-D215-4FB7-8BE8-B973100769E2}.Debug|x64.ActiveCfg = Debug|Any CPU
		{38E348D4-D215-4FB7-8BE8-B973100769E2}.Debug|x64.Build.0 = Debug|Any CPU
		{38E348D4-D215-4FB7-8BE8-B973100769E2}.Release|Any CPU.ActiveCfg = Release|Any CPU
		{38E348D4-D215-4FB7-8BE8-B973100769E2}.Release|Any CPU.Build.0 = Release|Any CPU
		{38E348D4-D215-4FB7-8BE8-B973100769E2}.Release|x64.ActiveCfg = Release|Any CPU
		{38E348D4-D215-4FB7-8BE8-B973100769E2}.Release|x64.Build.0 = Release|Any CPU
		{6935077D-7797-4CAB-88FD-8E6FF9A25A38}.Debug|Any CPU.ActiveCfg = Debug|Any CPU
		{6935077D-7797-4CAB-88FD-8E6FF9A25A38}.Debug|Any CPU.Build.0 = Debug|Any CPU
		{6935077D-7797-4CAB-88FD-8E6FF9A25A38}.Debug|x64.ActiveCfg = Debug|Any CPU
		{6935077D-7797-4CAB-88FD-8E6FF9A25A38}.Debug|x64.Build.0 = Debug|Any CPU
		{6935077D-7797-4CAB-88FD-8E6FF9A25A38}.Release|Any CPU.ActiveCfg = Release|Any CPU
		{6935077D-7797-4CAB-88FD-8E6FF9A25A38}.Release|Any CPU.Build.0 = Release|Any CPU
		{6935077D-7797-4CAB-88FD-8E6FF9A25A38}.Release|x64.ActiveCfg = Release|Any CPU
		{6935077D-7797-4CAB-88FD-8E6FF9A25A38}.Release|x64.Build.0 = Release|Any CPU
		{0C8CF4A9-2A95-4103-A547-35095283B49D}.Debug|Any CPU.ActiveCfg = Debug|Any CPU
		{0C8CF4A9-2A95-4103-A547-35095283B49D}.Debug|Any CPU.Build.0 = Debug|Any CPU
		{0C8CF4A9-2A95-4103-A547-35095283B49D}.Debug|x64.ActiveCfg = Debug|Any CPU
		{0C8CF4A9-2A95-4103-A547-35095283B49D}.Debug|x64.Build.0 = Debug|Any CPU
		{0C8CF4A9-2A95-4103-A547-35095283B49D}.Release|Any CPU.ActiveCfg = Release|Any CPU
		{0C8CF4A9-2A95-4103-A547-35095283B49D}.Release|Any CPU.Build.0 = Release|Any CPU
		{0C8CF4A9-2A95-4103-A547-35095283B49D}.Release|x64.ActiveCfg = Release|Any CPU
		{0C8CF4A9-2A95-4103-A547-35095283B49D}.Release|x64.Build.0 = Release|Any CPU
		{798C0CA3-079E-4ED4-AE32-AD059777BA82}.Debug|Any CPU.ActiveCfg = Debug|Any CPU
		{798C0CA3-079E-4ED4-AE32-AD059777BA82}.Debug|Any CPU.Build.0 = Debug|Any CPU
		{798C0CA3-079E-4ED4-AE32-AD059777BA82}.Debug|x64.ActiveCfg = Debug|Any CPU
		{798C0CA3-079E-4ED4-AE32-AD059777BA82}.Debug|x64.Build.0 = Debug|Any CPU
		{798C0CA3-079E-4ED4-AE32-AD059777BA82}.Release|Any CPU.ActiveCfg = Release|Any CPU
		{798C0CA3-079E-4ED4-AE32-AD059777BA82}.Release|Any CPU.Build.0 = Release|Any CPU
		{798C0CA3-079E-4ED4-AE32-AD059777BA82}.Release|x64.ActiveCfg = Release|Any CPU
		{798C0CA3-079E-4ED4-AE32-AD059777BA82}.Release|x64.Build.0 = Release|Any CPU
		{BF4DD148-A60D-44E9-BD0E-E60587DB5E48}.Debug|Any CPU.ActiveCfg = Debug|Any CPU
		{BF4DD148-A60D-44E9-BD0E-E60587DB5E48}.Debug|Any CPU.Build.0 = Debug|Any CPU
		{BF4DD148-A60D-44E9-BD0E-E60587DB5E48}.Debug|x64.ActiveCfg = Debug|Any CPU
		{BF4DD148-A60D-44E9-BD0E-E60587DB5E48}.Debug|x64.Build.0 = Debug|Any CPU
		{BF4DD148-A60D-44E9-BD0E-E60587DB5E48}.Release|Any CPU.ActiveCfg = Release|Any CPU
		{BF4DD148-A60D-44E9-BD0E-E60587DB5E48}.Release|Any CPU.Build.0 = Release|Any CPU
		{BF4DD148-A60D-44E9-BD0E-E60587DB5E48}.Release|x64.ActiveCfg = Release|Any CPU
		{BF4DD148-A60D-44E9-BD0E-E60587DB5E48}.Release|x64.Build.0 = Release|Any CPU
		{1C53AC08-F3BD-4EDD-9691-402968FC9A77}.Debug|Any CPU.ActiveCfg = Debug|Any CPU
		{1C53AC08-F3BD-4EDD-9691-402968FC9A77}.Debug|Any CPU.Build.0 = Debug|Any CPU
		{1C53AC08-F3BD-4EDD-9691-402968FC9A77}.Debug|x64.ActiveCfg = Debug|Any CPU
		{1C53AC08-F3BD-4EDD-9691-402968FC9A77}.Debug|x64.Build.0 = Debug|Any CPU
		{1C53AC08-F3BD-4EDD-9691-402968FC9A77}.Release|Any CPU.ActiveCfg = Release|Any CPU
		{1C53AC08-F3BD-4EDD-9691-402968FC9A77}.Release|Any CPU.Build.0 = Release|Any CPU
		{1C53AC08-F3BD-4EDD-9691-402968FC9A77}.Release|x64.ActiveCfg = Release|Any CPU
		{1C53AC08-F3BD-4EDD-9691-402968FC9A77}.Release|x64.Build.0 = Release|Any CPU
		{BE8B2E4B-BB91-4068-9CE3-931F180305BB}.Debug|Any CPU.ActiveCfg = Debug|Any CPU
		{BE8B2E4B-BB91-4068-9CE3-931F180305BB}.Debug|Any CPU.Build.0 = Debug|Any CPU
		{BE8B2E4B-BB91-4068-9CE3-931F180305BB}.Debug|x64.ActiveCfg = Debug|Any CPU
		{BE8B2E4B-BB91-4068-9CE3-931F180305BB}.Debug|x64.Build.0 = Debug|Any CPU
		{BE8B2E4B-BB91-4068-9CE3-931F180305BB}.Release|Any CPU.ActiveCfg = Release|Any CPU
		{BE8B2E4B-BB91-4068-9CE3-931F180305BB}.Release|Any CPU.Build.0 = Release|Any CPU
		{BE8B2E4B-BB91-4068-9CE3-931F180305BB}.Release|x64.ActiveCfg = Release|Any CPU
		{BE8B2E4B-BB91-4068-9CE3-931F180305BB}.Release|x64.Build.0 = Release|Any CPU
		{0CF140AA-D3B9-4E87-B3B4-890F8C60D324}.Debug|Any CPU.ActiveCfg = Debug|Any CPU
		{0CF140AA-D3B9-4E87-B3B4-890F8C60D324}.Debug|Any CPU.Build.0 = Debug|Any CPU
		{0CF140AA-D3B9-4E87-B3B4-890F8C60D324}.Debug|x64.ActiveCfg = Debug|Any CPU
		{0CF140AA-D3B9-4E87-B3B4-890F8C60D324}.Debug|x64.Build.0 = Debug|Any CPU
		{0CF140AA-D3B9-4E87-B3B4-890F8C60D324}.Release|Any CPU.ActiveCfg = Release|Any CPU
		{0CF140AA-D3B9-4E87-B3B4-890F8C60D324}.Release|Any CPU.Build.0 = Release|Any CPU
		{0CF140AA-D3B9-4E87-B3B4-890F8C60D324}.Release|x64.ActiveCfg = Release|Any CPU
		{0CF140AA-D3B9-4E87-B3B4-890F8C60D324}.Release|x64.Build.0 = Release|Any CPU
		{F0EECE73-F6EC-4925-8D89-1CCA6895D800}.Debug|Any CPU.ActiveCfg = Debug|Any CPU
		{F0EECE73-F6EC-4925-8D89-1CCA6895D800}.Debug|Any CPU.Build.0 = Debug|Any CPU
		{F0EECE73-F6EC-4925-8D89-1CCA6895D800}.Debug|x64.ActiveCfg = Debug|Any CPU
		{F0EECE73-F6EC-4925-8D89-1CCA6895D800}.Debug|x64.Build.0 = Debug|Any CPU
		{F0EECE73-F6EC-4925-8D89-1CCA6895D800}.Release|Any CPU.ActiveCfg = Release|Any CPU
		{F0EECE73-F6EC-4925-8D89-1CCA6895D800}.Release|Any CPU.Build.0 = Release|Any CPU
		{F0EECE73-F6EC-4925-8D89-1CCA6895D800}.Release|x64.ActiveCfg = Release|Any CPU
		{F0EECE73-F6EC-4925-8D89-1CCA6895D800}.Release|x64.Build.0 = Release|Any CPU
		{5E8D3A99-E21D-45C8-A043-D9857A7E79EE}.Debug|Any CPU.ActiveCfg = Debug|Any CPU
		{5E8D3A99-E21D-45C8-A043-D9857A7E79EE}.Debug|Any CPU.Build.0 = Debug|Any CPU
		{5E8D3A99-E21D-45C8-A043-D9857A7E79EE}.Debug|x64.ActiveCfg = Debug|Any CPU
		{5E8D3A99-E21D-45C8-A043-D9857A7E79EE}.Debug|x64.Build.0 = Debug|Any CPU
		{5E8D3A99-E21D-45C8-A043-D9857A7E79EE}.Release|Any CPU.ActiveCfg = Release|Any CPU
		{5E8D3A99-E21D-45C8-A043-D9857A7E79EE}.Release|Any CPU.Build.0 = Release|Any CPU
		{5E8D3A99-E21D-45C8-A043-D9857A7E79EE}.Release|x64.ActiveCfg = Release|Any CPU
		{5E8D3A99-E21D-45C8-A043-D9857A7E79EE}.Release|x64.Build.0 = Release|Any CPU
		{A4B53562-1A4C-4604-9B34-49DACB6F8978}.Debug|Any CPU.ActiveCfg = Debug|Any CPU
		{A4B53562-1A4C-4604-9B34-49DACB6F8978}.Debug|Any CPU.Build.0 = Debug|Any CPU
		{A4B53562-1A4C-4604-9B34-49DACB6F8978}.Debug|x64.ActiveCfg = Debug|Any CPU
		{A4B53562-1A4C-4604-9B34-49DACB6F8978}.Debug|x64.Build.0 = Debug|Any CPU
		{A4B53562-1A4C-4604-9B34-49DACB6F8978}.Release|Any CPU.ActiveCfg = Release|Any CPU
		{A4B53562-1A4C-4604-9B34-49DACB6F8978}.Release|Any CPU.Build.0 = Release|Any CPU
		{A4B53562-1A4C-4604-9B34-49DACB6F8978}.Release|x64.ActiveCfg = Release|Any CPU
		{A4B53562-1A4C-4604-9B34-49DACB6F8978}.Release|x64.Build.0 = Release|Any CPU
		{6C978B59-080F-4977-9513-1384B7094045}.Debug|Any CPU.ActiveCfg = Debug|Any CPU
		{6C978B59-080F-4977-9513-1384B7094045}.Debug|Any CPU.Build.0 = Debug|Any CPU
		{6C978B59-080F-4977-9513-1384B7094045}.Debug|x64.ActiveCfg = Debug|Any CPU
		{6C978B59-080F-4977-9513-1384B7094045}.Debug|x64.Build.0 = Debug|Any CPU
		{6C978B59-080F-4977-9513-1384B7094045}.Release|Any CPU.ActiveCfg = Release|Any CPU
		{6C978B59-080F-4977-9513-1384B7094045}.Release|Any CPU.Build.0 = Release|Any CPU
		{6C978B59-080F-4977-9513-1384B7094045}.Release|x64.ActiveCfg = Release|Any CPU
		{6C978B59-080F-4977-9513-1384B7094045}.Release|x64.Build.0 = Release|Any CPU
		{1E1E466B-1589-44EA-B330-0E72ED7947B0}.Debug|Any CPU.ActiveCfg = Debug|Any CPU
		{1E1E466B-1589-44EA-B330-0E72ED7947B0}.Debug|Any CPU.Build.0 = Debug|Any CPU
		{1E1E466B-1589-44EA-B330-0E72ED7947B0}.Debug|x64.ActiveCfg = Debug|Any CPU
		{1E1E466B-1589-44EA-B330-0E72ED7947B0}.Debug|x64.Build.0 = Debug|Any CPU
		{1E1E466B-1589-44EA-B330-0E72ED7947B0}.Release|Any CPU.ActiveCfg = Release|Any CPU
		{1E1E466B-1589-44EA-B330-0E72ED7947B0}.Release|Any CPU.Build.0 = Release|Any CPU
		{1E1E466B-1589-44EA-B330-0E72ED7947B0}.Release|x64.ActiveCfg = Release|Any CPU
		{1E1E466B-1589-44EA-B330-0E72ED7947B0}.Release|x64.Build.0 = Release|Any CPU
		{8E252A29-6BA1-4495-92B5-AA8B35A914F8}.Debug|Any CPU.ActiveCfg = Debug|Any CPU
		{8E252A29-6BA1-4495-92B5-AA8B35A914F8}.Debug|Any CPU.Build.0 = Debug|Any CPU
		{8E252A29-6BA1-4495-92B5-AA8B35A914F8}.Debug|x64.ActiveCfg = Debug|Any CPU
		{8E252A29-6BA1-4495-92B5-AA8B35A914F8}.Debug|x64.Build.0 = Debug|Any CPU
		{8E252A29-6BA1-4495-92B5-AA8B35A914F8}.Release|Any CPU.ActiveCfg = Release|Any CPU
		{8E252A29-6BA1-4495-92B5-AA8B35A914F8}.Release|Any CPU.Build.0 = Release|Any CPU
		{8E252A29-6BA1-4495-92B5-AA8B35A914F8}.Release|x64.ActiveCfg = Release|Any CPU
		{8E252A29-6BA1-4495-92B5-AA8B35A914F8}.Release|x64.Build.0 = Release|Any CPU
		{FAD9839C-3E21-4F5E-A054-2792F9D9F910}.Debug|Any CPU.ActiveCfg = Debug|Any CPU
		{FAD9839C-3E21-4F5E-A054-2792F9D9F910}.Debug|Any CPU.Build.0 = Debug|Any CPU
		{FAD9839C-3E21-4F5E-A054-2792F9D9F910}.Debug|x64.ActiveCfg = Debug|Any CPU
		{FAD9839C-3E21-4F5E-A054-2792F9D9F910}.Debug|x64.Build.0 = Debug|Any CPU
		{FAD9839C-3E21-4F5E-A054-2792F9D9F910}.Release|Any CPU.ActiveCfg = Release|Any CPU
		{FAD9839C-3E21-4F5E-A054-2792F9D9F910}.Release|Any CPU.Build.0 = Release|Any CPU
		{FAD9839C-3E21-4F5E-A054-2792F9D9F910}.Release|x64.ActiveCfg = Release|Any CPU
		{FAD9839C-3E21-4F5E-A054-2792F9D9F910}.Release|x64.Build.0 = Release|Any CPU
	EndGlobalSection
	GlobalSection(SolutionProperties) = preSolution
		HideSolutionNode = FALSE
	EndGlobalSection
	GlobalSection(NestedProjects) = preSolution
		{6A77304E-496F-479E-ABF2-150699C9FCE8} = {82B7602C-962F-4A9B-B59A-731201F5419B}
		{FE274632-8951-4049-9049-45B171D03614} = {F1BBD630-123E-4C0B-A692-2D795024FE4A}
		{063E5963-0CA1-45B1-80A5-173FF2277220} = {F1BBD630-123E-4C0B-A692-2D795024FE4A}
		{D213F3FF-616E-4184-BC57-5E449ED618EA} = {F1BBD630-123E-4C0B-A692-2D795024FE4A}
		{74B3E6B1-9311-4DD7-A645-40F6B91A1638} = {F1BBD630-123E-4C0B-A692-2D795024FE4A}
		{CEEDF1B9-6933-4303-83F9-705DC6E44D8F} = {E939A57B-799A-457A-A990-731CC2ACE496}
		{AB503E8C-BECA-438D-A3E4-88C5B2D28977} = {7CB96075-F3DD-4C49-B5E7-0DD0BF697927}
		{11665C43-0193-491A-BBF8-B4A25038207D} = {7CB96075-F3DD-4C49-B5E7-0DD0BF697927}
		{693BEDE0-37D1-4712-9833-EDDF3CE63E53} = {A52C7DCB-590D-4FA7-B3BD-165C44FBF87F}
		{3AF685CC-DC48-47FC-8C7D-8C3BBFAB3C88} = {A52C7DCB-590D-4FA7-B3BD-165C44FBF87F}
		{3FA78C06-F056-4EB1-A16D-CB0FDECF0274} = {A52C7DCB-590D-4FA7-B3BD-165C44FBF87F}
		{11ABE87A-F8C0-422A-B423-D0B270882945} = {A52C7DCB-590D-4FA7-B3BD-165C44FBF87F}
		{07AE80AB-F92E-4BDB-9899-08F514BE1477} = {A52C7DCB-590D-4FA7-B3BD-165C44FBF87F}
		{7B9DC639-8566-4404-AB3B-7FF4D34E8082} = {A52C7DCB-590D-4FA7-B3BD-165C44FBF87F}
		{E555A6E8-5178-499B-B15A-9892F503D1F5} = {F1BBD630-123E-4C0B-A692-2D795024FE4A}
		{4A9A08C3-745B-4FA2-8226-AC1C9062BFF6} = {CC3DDD11-6377-4ACE-8443-CFE090E62A65}
		{ABF8B8AC-3712-482D-82AA-A6EA85B60AA0} = {A52C7DCB-590D-4FA7-B3BD-165C44FBF87F}
		{0997BD08-4782-47F3-A392-E878C6A7DE57} = {A52C7DCB-590D-4FA7-B3BD-165C44FBF87F}
		{E141680C-5BFA-433E-B9B7-118A86857CEF} = {A52C7DCB-590D-4FA7-B3BD-165C44FBF87F}
		{FB5A2098-6496-4B7F-B45A-C2C967DCD865} = {A52C7DCB-590D-4FA7-B3BD-165C44FBF87F}
		{5650B24B-34D4-4546-A755-2E5435DFAA6E} = {A52C7DCB-590D-4FA7-B3BD-165C44FBF87F}
		{5154FCEE-966D-46E8-A0CE-3FFE7A9C86D4} = {AA6354EA-42B8-409F-8481-138C79C7DF3D}
		{68DDEEB5-76C9-4F08-A68B-8F316257A18A} = {AA6354EA-42B8-409F-8481-138C79C7DF3D}
		{FF1E2E46-E611-4392-AB33-9F0174C6B917} = {1EE25BE7-677D-4CF3-AD01-0C53CE2D15BD}
		{4751ADA0-9580-4A1C-851C-0A2AB0190A9E} = {1EE25BE7-677D-4CF3-AD01-0C53CE2D15BD}
		{052A1EC9-B3C3-409C-8BC0-E7E3CC5DE3A7} = {81B32FCB-40F5-4DC6-B2A0-BEA80CCAC5D3}
		{229D9EA0-A344-4349-B405-40C961AADFF7} = {81B32FCB-40F5-4DC6-B2A0-BEA80CCAC5D3}
		{0F3D5EA8-29BE-4723-82AC-4DD7FE485F0B} = {81B32FCB-40F5-4DC6-B2A0-BEA80CCAC5D3}
		{E4F9271C-2B45-4DA8-BB9C-BDF8F1FAF0F9} = {A52C7DCB-590D-4FA7-B3BD-165C44FBF87F}
		{688C8B3F-9584-4588-8A16-C375721DFF2D} = {00D235AF-CA76-456E-B905-190C20E631B2}
		{13DAD4EB-070A-40BA-8AAA-16B666C27F8D} = {A52C7DCB-590D-4FA7-B3BD-165C44FBF87F}
		{9F7DBDA1-EF6C-46EE-94FB-9CC0A76DD76E} = {AA6354EA-42B8-409F-8481-138C79C7DF3D}
		{E2A6AA21-0EC0-4809-ACAC-805819CF01DF} = {AA6354EA-42B8-409F-8481-138C79C7DF3D}
		{EDE7156A-F5A1-4C81-922F-F527BE74956D} = {A52C7DCB-590D-4FA7-B3BD-165C44FBF87F}
		{03C9BE0F-6145-477A-80EC-A0569A2AC2CD} = {E8767364-368B-4276-9400-83AD38058F76}
		{E3E3AE6A-A329-40CA-AB3A-251A2A91E739} = {E8767364-368B-4276-9400-83AD38058F76}
		{CECF108B-2B67-4253-A07E-5203E39E72CE} = {E8767364-368B-4276-9400-83AD38058F76}
		{C2BE307D-2607-43CC-83DD-78ECB8264368} = {E8767364-368B-4276-9400-83AD38058F76}
		{DDF7722D-BE36-412C-988D-9B9855AAD3A7} = {A52C7DCB-590D-4FA7-B3BD-165C44FBF87F}
		{121A1662-9D42-460D-B545-D9853E682010} = {81B32FCB-40F5-4DC6-B2A0-BEA80CCAC5D3}
		{0F430325-8CB2-478E-AB85-F1A99D0D5758} = {2CBDD8E2-432D-4D60-B335-3C732CA546DE}
		{876A88C6-BCEF-4A4F-B230-86E5869E790C} = {2CBDD8E2-432D-4D60-B335-3C732CA546DE}
		{34A78A1C-0B5C-4567-AFD8-E720674B648F} = {A52C7DCB-590D-4FA7-B3BD-165C44FBF87F}
		{A29DB273-093F-41F4-B1F4-C90520479105} = {A52C7DCB-590D-4FA7-B3BD-165C44FBF87F}
		{CEC7BE88-1059-4CC7-8269-4FA47E574FC8} = {A52C7DCB-590D-4FA7-B3BD-165C44FBF87F}
		{F3C22866-7562-48F0-9F74-0A42317408FC} = {BCAAD5B8-8C78-4021-B47E-DAF4B20478E2}
		{93F9F3BB-C56E-423B-8F23-9FFDD5EABB29} = {BCAAD5B8-8C78-4021-B47E-DAF4B20478E2}
		{FB8AB60B-BD7C-4F3A-9644-CE3EF6784CFE} = {BCAAD5B8-8C78-4021-B47E-DAF4B20478E2}
		{B5A67012-B34E-4C92-AF60-8570E844F363} = {BCAAD5B8-8C78-4021-B47E-DAF4B20478E2}
		{7886B2BC-0100-4111-B1FD-CBDFC38D0BDD} = {A52C7DCB-590D-4FA7-B3BD-165C44FBF87F}
		{7EF63786-D97C-4F78-8D7F-9D310C65F723} = {A52C7DCB-590D-4FA7-B3BD-165C44FBF87F}
		{15E01063-14D1-492E-80E5-F7BEFC0CB350} = {81B32FCB-40F5-4DC6-B2A0-BEA80CCAC5D3}
		{C8D575ED-387F-455B-B80A-6BC74C649CE4} = {81B32FCB-40F5-4DC6-B2A0-BEA80CCAC5D3}
		{893C5239-3269-4FAE-97F7-2DCC941F8278} = {A52C7DCB-590D-4FA7-B3BD-165C44FBF87F}
		{77F6F0A2-A2DE-41DF-B0D6-4D1FB5620744} = {A52C7DCB-590D-4FA7-B3BD-165C44FBF87F}
		{3A388BA9-56DF-4789-9BEF-2B2C4D16FEBC} = {A52C7DCB-590D-4FA7-B3BD-165C44FBF87F}
		{F4E8BE7A-28BB-4FD9-B4DE-DFC7D4BE421E} = {136B8027-3934-45F9-9867-35FB0F646073}
		{7E93B320-2DE7-4007-868F-1D818E9EB641} = {A52C7DCB-590D-4FA7-B3BD-165C44FBF87F}
		{10B6C6DD-B025-483D-BE3D-A36A81D5DDAE} = {A52C7DCB-590D-4FA7-B3BD-165C44FBF87F}
		{CCAF6DC6-2E59-41BD-8CD1-DC6F62BE861F} = {A52C7DCB-590D-4FA7-B3BD-165C44FBF87F}
		{94B785A6-974B-4F44-B8F2-D2CB09333E18} = {A52C7DCB-590D-4FA7-B3BD-165C44FBF87F}
		{6BE63D2B-CD6A-4F0B-BB55-5FC70D388749} = {A52C7DCB-590D-4FA7-B3BD-165C44FBF87F}
		{F7EC2643-3DC3-4772-954F-8AC00DA62D91} = {7C321745-7285-4369-82A9-4B039B1CEC66}
		{12C2CF8A-2878-4BF7-BC3D-06ABDC7A548B} = {7C321745-7285-4369-82A9-4B039B1CEC66}
		{38E348D4-D215-4FB7-8BE8-B973100769E2} = {7C321745-7285-4369-82A9-4B039B1CEC66}
		{6935077D-7797-4CAB-88FD-8E6FF9A25A38} = {7C321745-7285-4369-82A9-4B039B1CEC66}
		{0C8CF4A9-2A95-4103-A547-35095283B49D} = {8C3346DE-9683-4116-810F-AD9FB2DB6E26}
		{798C0CA3-079E-4ED4-AE32-AD059777BA82} = {9B3A0EE1-691A-4BFF-B731-A91FF155D045}
		{BF4DD148-A60D-44E9-BD0E-E60587DB5E48} = {A52C7DCB-590D-4FA7-B3BD-165C44FBF87F}
		{1C53AC08-F3BD-4EDD-9691-402968FC9A77} = {A52C7DCB-590D-4FA7-B3BD-165C44FBF87F}
		{BE8B2E4B-BB91-4068-9CE3-931F180305BB} = {A52C7DCB-590D-4FA7-B3BD-165C44FBF87F}
		{0CF140AA-D3B9-4E87-B3B4-890F8C60D324} = {6C4E28AB-05E4-4B90-8036-03490FB15CD6}
		{F0EECE73-F6EC-4925-8D89-1CCA6895D800} = {A52C7DCB-590D-4FA7-B3BD-165C44FBF87F}
		{5E8D3A99-E21D-45C8-A043-D9857A7E79EE} = {A52C7DCB-590D-4FA7-B3BD-165C44FBF87F}
		{A4B53562-1A4C-4604-9B34-49DACB6F8978} = {A52C7DCB-590D-4FA7-B3BD-165C44FBF87F}
		{6C978B59-080F-4977-9513-1384B7094045} = {72021CE3-554E-45DA-AC0D-268028421409}
		{1E1E466B-1589-44EA-B330-0E72ED7947B0} = {B8BDEE10-9C84-482C-8090-80C09651390C}
		{8E252A29-6BA1-4495-92B5-AA8B35A914F8} = {8E6E69CF-D8C7-4952-B1B3-33EFDABE0447}
		{FAD9839C-3E21-4F5E-A054-2792F9D9F910} = {10F7CEA9-8C9A-4C6F-9F91-01C7C1552C47}
	EndGlobalSection
	GlobalSection(ExtensibilityGlobals) = postSolution
		SolutionGuid = {C7FA33DE-B9B5-4740-A6D8-5123C6C21AFC}
	EndGlobalSection
EndGlobal
